PODS:
  - iOSSnapshotTestCase (6.0.3):
    - iOSSnapshotTestCase/SwiftSupport (= 6.0.3)
  - iOSSnapshotTestCase/Core (6.0.3)
  - iOSSnapshotTestCase/SwiftSupport (6.0.3):
    - iOSSnapshotTestCase/Core
  - Nimble (8.0.2)
  - Nimble-Snapshots (7.1.0):
    - Nimble-Snapshots/Core (= 7.1.0)
  - Nimble-Snapshots/Core (7.1.0):
    - iOSSnapshotTestCase (~> 6.0)
    - Nimble (~> 8.0)
  - Quick (2.1.0)
  - RxCocoa (4.5.0):
    - RxSwift (>= 4.4.2, ~> 4.4)
  - RxSwift (4.5.0)
  - RxTest (4.5.0):
    - RxSwift (>= 4.4.2, ~> 4.4)

DEPENDENCIES:
  - iOSSnapshotTestCase (~> 6.0)
  - Nimble (~> 8.0)
  - Nimble-Snapshots (~> 7.0)
  - Quick (~> 2.0)
  - RxCocoa (~> 4.5)
  - RxSwift (~> 4.5)
  - RxTest (~> 4.5)

SPEC REPOS:
  https://github.com/cocoapods/specs.git:
    - iOSSnapshotTestCase
    - Nimble
    - Nimble-Snapshots
    - Quick
    - RxCocoa
    - RxSwift
    - RxTest

SPEC CHECKSUMS:
  iOSSnapshotTestCase: 944a73f6d9676302811a86c0cf35f0e6ef5ab2a0
  Nimble: 622629381bda1dd5678162f21f1368cec7cbba60
  Nimble-Snapshots: 2ec985281eef0eb9fc69a469deee851363a50d0e
  Quick: 4be43f6634acfa727dd106bdf3929ce125ffa79d
  RxCocoa: cbf70265dc65a981d4ac982e513c10cf23df24a0
  RxSwift: f172070dfd1a93d70a9ab97a5a01166206e1c575
  RxTest: 3ccb66bfbace0bf7df1c43a7c75d046f8ce60372

PODFILE CHECKSUM: 2804b5c8a01247bb35f89b72841fb042d10b6f70

COCOAPODS: 1.5.3
