// !$*UTF8*$!
{
	archiveVersion = 1;
	classes = {
	};
	objectVersion = 51;
	objects = {

/* Begin PBXBuildFile section */
		1B5FBB9E23BE2188007F9381 /* AboutViewControllerSpec.swift in Sources */ = {isa = PBXBuildFile; fileRef = 1B5FBB9C23BE20BA007F9381 /* AboutViewControllerSpec.swift */; };
		1B5FBBA023BE22F8007F9381 /* Nimble.framework in Carthage Copy Frameworks */ = {isa = PBXBuildFile; fileRef = 2C97553522E08B360018964A /* Nimble.framework */; settings = {ATTRIBUTES = (CodeSignOnCopy, RemoveHeadersOnCopy, ); }; };
		1B5FBBA123BE22F8007F9381 /* Quick.framework in Carthage Copy Frameworks */ = {isa = PBXBuildFile; fileRef = 2C97553622E08B360018964A /* Quick.framework */; settings = {ATTRIBUTES = (CodeSignOnCopy, RemoveHeadersOnCopy, ); }; };
		1B5FBBA223BE22F8007F9381 /* SnapshotTesting.framework in Carthage Copy Frameworks */ = {isa = PBXBuildFile; fileRef = 2C97553422E08B360018964A /* SnapshotTesting.framework */; settings = {ATTRIBUTES = (CodeSignOnCopy, RemoveHeadersOnCopy, ); }; };
		1B5FBBA423BE28CD007F9381 /* ExternalLinkHandler.swift in Sources */ = {isa = PBXBuildFile; fileRef = 1B5FBBA323BE28CD007F9381 /* ExternalLinkHandler.swift */; };
		1B5FBBA823BE3D0A007F9381 /* EmailSender.swift in Sources */ = {isa = PBXBuildFile; fileRef = 1B5FBBA723BE3D0A007F9381 /* EmailSender.swift */; };
		1B5FBBAA23BF47DD007F9381 /* EmailSenderSpec.swift in Sources */ = {isa = PBXBuildFile; fileRef = 1B5FBBA923BF47DD007F9381 /* EmailSenderSpec.swift */; };
		1B6BB3AD23AD0536002A1B46 /* Cartfile in Resources */ = {isa = PBXBuildFile; fileRef = 1B6BB3AC23AD0536002A1B46 /* Cartfile */; };
		2C1D2C8322E1F637000DEF4B /* UIFont+OnPaperSoccer.swift in Sources */ = {isa = PBXBuildFile; fileRef = 2C1D2C8222E1F637000DEF4B /* UIFont+OnPaperSoccer.swift */; };
		2C28D21024378CF100285D3C /* SummaryViewController.swift in Sources */ = {isa = PBXBuildFile; fileRef = 2C28D20E24378CF100285D3C /* SummaryViewController.swift */; };
		2C2BDD4621874587009D48BC /* FieldView.swift in Sources */ = {isa = PBXBuildFile; fileRef = 2C2BDD4521874587009D48BC /* FieldView.swift */; };
		2C2CFF8122FB39E000258B5A /* AboutViewController.swift in Sources */ = {isa = PBXBuildFile; fileRef = 2C2CFF7F22FB39E000258B5A /* AboutViewController.swift */; };
		2C2CFF8422FB3B0A00258B5A /* AboutView.swift in Sources */ = {isa = PBXBuildFile; fileRef = 2C2CFF8322FB3B0A00258B5A /* AboutView.swift */; };
		2C2CFF8622FB410100258B5A /* WithCustomView.swift in Sources */ = {isa = PBXBuildFile; fileRef = 2C2CFF8522FB410100258B5A /* WithCustomView.swift */; };
		2C320B932178DBC800CDADF5 /* Point.swift in Sources */ = {isa = PBXBuildFile; fileRef = 2C320B922178DBC800CDADF5 /* Point.swift */; };
		2C320B952178DBE500CDADF5 /* Line.swift in Sources */ = {isa = PBXBuildFile; fileRef = 2C320B942178DBE500CDADF5 /* Line.swift */; };
		2C320B982178DD1E00CDADF5 /* FieldViewController.swift in Sources */ = {isa = PBXBuildFile; fileRef = 2C320B962178DD1E00CDADF5 /* FieldViewController.swift */; };
		2C320B9F2178E2F600CDADF5 /* UIView+AddContentSubview.swift in Sources */ = {isa = PBXBuildFile; fileRef = 2C320B9E2178E2F600CDADF5 /* UIView+AddContentSubview.swift */; };
		2C320BA12178E32E00CDADF5 /* UIViewController+AddChildViewController.swift in Sources */ = {isa = PBXBuildFile; fileRef = 2C320BA02178E32E00CDADF5 /* UIViewController+AddChildViewController.swift */; };
		2C97553722E08B360018964A /* SnapshotTesting.framework in Frameworks */ = {isa = PBXBuildFile; fileRef = 2C97553422E08B360018964A /* SnapshotTesting.framework */; };
		2C97553822E08B360018964A /* Nimble.framework in Frameworks */ = {isa = PBXBuildFile; fileRef = 2C97553522E08B360018964A /* Nimble.framework */; };
		2C97553922E08B360018964A /* Quick.framework in Frameworks */ = {isa = PBXBuildFile; fileRef = 2C97553622E08B360018964A /* Quick.framework */; };
		2C97553F22E095AA0018964A /* MenuViewController.swift in Sources */ = {isa = PBXBuildFile; fileRef = 2C97553D22E095AA0018964A /* MenuViewController.swift */; };
		2C97554022E095AA0018964A /* MenuViewController.xib in Resources */ = {isa = PBXBuildFile; fileRef = 2C97553E22E095AA0018964A /* MenuViewController.xib */; };
		2C97554522E09B320018964A /* Dreamwalker.otf in Resources */ = {isa = PBXBuildFile; fileRef = 2C97554422E09B320018964A /* Dreamwalker.otf */; };
		2C97554922E09C8A0018964A /* MenuRowButton.swift in Sources */ = {isa = PBXBuildFile; fileRef = 2C97554822E09C8A0018964A /* MenuRowButton.swift */; };
		2C97554F22E0A4370018964A /* Assets.xcassets in Resources */ = {isa = PBXBuildFile; fileRef = 2C97554E22E0A4370018964A /* Assets.xcassets */; };
		2C97555222E0B1EF0018964A /* SnapKit.framework in Frameworks */ = {isa = PBXBuildFile; fileRef = 2C97555022E0B1980018964A /* SnapKit.framework */; };
		2C9A70A421BE615C00B801C9 /* MatchViewController.swift in Sources */ = {isa = PBXBuildFile; fileRef = 2C9A70A221BE615C00B801C9 /* MatchViewController.swift */; };
		2C9A70A521BE615C00B801C9 /* MatchViewController.xib in Resources */ = {isa = PBXBuildFile; fileRef = 2C9A70A321BE615C00B801C9 /* MatchViewController.xib */; };
		2C9A70A721BE747000B801C9 /* MovesValidator.swift in Sources */ = {isa = PBXBuildFile; fileRef = 2C9A70A621BE747000B801C9 /* MovesValidator.swift */; };
		2CB51AF5202CDC96009C3B71 /* AppDelegate.swift in Sources */ = {isa = PBXBuildFile; fileRef = 2CB51AF4202CDC96009C3B71 /* AppDelegate.swift */; };
		2CB51AFF202CDC96009C3B71 /* LaunchScreen.storyboard in Resources */ = {isa = PBXBuildFile; fileRef = 2CB51AFD202CDC96009C3B71 /* LaunchScreen.storyboard */; };
		2CC33B6222EB36C9006884FB /* AppStyler.swift in Sources */ = {isa = PBXBuildFile; fileRef = 2CC33B6122EB36C9006884FB /* AppStyler.swift */; };
		2CC33B6422EB37F4006884FB /* UIBarButtonItem+Specs.swift in Sources */ = {isa = PBXBuildFile; fileRef = 2CC33B6322EB37F4006884FB /* UIBarButtonItem+Specs.swift */; };
		2CCE26C3228AF0B10028D291 /* MoveButton.swift in Sources */ = {isa = PBXBuildFile; fileRef = 2CCE26C2228AF0B10028D291 /* MoveButton.swift */; };
		AA24B2F3C919EEC95E187E86 /* FieldViewControllerSpec.swift in Sources */ = {isa = PBXBuildFile; fileRef = AA24B13D18BFBF3DDCDC0F91 /* FieldViewControllerSpec.swift */; };
		AA24B4171DFA4220F577787F /* Point+Fixture.swift in Sources */ = {isa = PBXBuildFile; fileRef = AA24BC0B623729163EC253E7 /* Point+Fixture.swift */; };
		AA24B42B6DE4E267CAB7CFAD /* MovesViewControllerSpec.swift in Sources */ = {isa = PBXBuildFile; fileRef = AA24B4F322735060BBE4226E /* MovesViewControllerSpec.swift */; };
		AA24B4B4A793D3B2FF4D0D6E /* Player.swift in Sources */ = {isa = PBXBuildFile; fileRef = AA24BD2C9FBB272298F04DC4 /* Player.swift */; };
		AA24B4FFA5A98FA1002F8BE1 /* ControllersFactory.swift in Sources */ = {isa = PBXBuildFile; fileRef = AA24BCB1E19522BE044C014E /* ControllersFactory.swift */; };
		AA24B6302B864E0EE4257AA3 /* MatchViewControllerSpec.swift in Sources */ = {isa = PBXBuildFile; fileRef = AA24B240A48A18440B46E320 /* MatchViewControllerSpec.swift */; };
		AA24B6685BF4D5BB95F01B88 /* SummaryView.swift in Sources */ = {isa = PBXBuildFile; fileRef = AA24BBE17CB8F6DFDF63E4FF /* SummaryView.swift */; };
		AA24B696C655F461F39434E4 /* UIColor+Fixture.swift in Sources */ = {isa = PBXBuildFile; fileRef = AA24BB10F9C1929C5A53998D /* UIColor+Fixture.swift */; };
		AA24B6CD59CC1876FC87674E /* MenuViewControllerSpec.swift in Sources */ = {isa = PBXBuildFile; fileRef = AA24BAF8AC8464C4CA23C9D8 /* MenuViewControllerSpec.swift */; };
		AA24B7130118B052140EC799 /* PlayerTurnControllerSpec.swift in Sources */ = {isa = PBXBuildFile; fileRef = AA24B77DCFCFB2BA9F8CC272 /* PlayerTurnControllerSpec.swift */; };
		AA24B7F2356C873ECB235CBD /* UIControl+Specs.swift in Sources */ = {isa = PBXBuildFile; fileRef = AA24B1B708C98F1A574B73A2 /* UIControl+Specs.swift */; };
		AA24B801CF942F9DB6416223 /* Vector.swift in Sources */ = {isa = PBXBuildFile; fileRef = AA24B05A388611DD00323809 /* Vector.swift */; };
		AA24B85978E9CBC61199D413 /* MenuRowButtonSpec.swift in Sources */ = {isa = PBXBuildFile; fileRef = AA24B69EA01AE4A38448BB7E /* MenuRowButtonSpec.swift */; };
		AA24B896F14743827284DDCB /* Move.swift in Sources */ = {isa = PBXBuildFile; fileRef = AA24BEE8D0DE024FC81EBD3A /* Move.swift */; };
		AA24B8B08AD975D581E6AF56 /* MovesViewController.xib in Resources */ = {isa = PBXBuildFile; fileRef = AA24BA9C383BCEDACB8CD8E5 /* MovesViewController.xib */; };
		AA24B9D40713DEC4441E3456 /* CoreGraphics+Extensions.swift in Sources */ = {isa = PBXBuildFile; fileRef = AA24B10771B109B53597B92F /* CoreGraphics+Extensions.swift */; };
		AA24BB0EB5F03F92D472BEDA /* MovesViewController.swift in Sources */ = {isa = PBXBuildFile; fileRef = AA24B5092F1425DDB1948782 /* MovesViewController.swift */; };
		AA24BB561422B0FD553BD4A4 /* UIImage+Assets.swift in Sources */ = {isa = PBXBuildFile; fileRef = AA24BB52B9805E2EAD200F8C /* UIImage+Assets.swift */; };
		AA24BBCAAF24F051B2E66253 /* UIColor+OnPaperSoccer.swift in Sources */ = {isa = PBXBuildFile; fileRef = AA24B9766E353BB7D3ED0546 /* UIColor+OnPaperSoccer.swift */; };
		AA24BBD836740507532F5610 /* MovesValidatorSpec.swift in Sources */ = {isa = PBXBuildFile; fileRef = AA24B89C3CD561A829494264 /* MovesValidatorSpec.swift */; };
		AA24BBEA3ABD8329D82E7FDF /* WithViewController.swift in Sources */ = {isa = PBXBuildFile; fileRef = AA24BE820377AE917733B251 /* WithViewController.swift */; };
		AA24BC1CBAE58A5B5DF58308 /* GameSettings+Fixture.swift in Sources */ = {isa = PBXBuildFile; fileRef = AA24B82E6F9EF90FAA3E9470 /* GameSettings+Fixture.swift */; };
		AA24BC4C568E5DA5F761B96A /* SummaryViewControllerSpec.swift in Sources */ = {isa = PBXBuildFile; fileRef = AA24BD673F83D63E6612678E /* SummaryViewControllerSpec.swift */; };
		AA24BD0F214B46C2945C2BEB /* Resetable.swift in Sources */ = {isa = PBXBuildFile; fileRef = AA24B87021212FBB69C0BD00 /* Resetable.swift */; };
		AA24BD5D752D52F0BD6889C0 /* FlowController.swift in Sources */ = {isa = PBXBuildFile; fileRef = AA24B44D98711ED2BADE4D3A /* FlowController.swift */; };
		AA24BDC8FA9191EEC7BC25D2 /* GameSettings.swift in Sources */ = {isa = PBXBuildFile; fileRef = AA24B24D03DBEAA9F3641B24 /* GameSettings.swift */; };
		AA24BE4D7DBC4D7FEB821CBC /* PlayerTurnController.swift in Sources */ = {isa = PBXBuildFile; fileRef = AA24B06D05D5533EA3B990A2 /* PlayerTurnController.swift */; };
/* End PBXBuildFile section */

/* Begin PBXContainerItemProxy section */
		2CB51B06202CDC96009C3B71 /* PBXContainerItemProxy */ = {
			isa = PBXContainerItemProxy;
			containerPortal = 2CB51AE9202CDC95009C3B71 /* Project object */;
			proxyType = 1;
			remoteGlobalIDString = 2CB51AF0202CDC95009C3B71;
			remoteInfo = OnPaperSoccer;
		};
/* End PBXContainerItemProxy section */

/* Begin PBXCopyFilesBuildPhase section */
		1B5FBB9F23BE2256007F9381 /* Carthage Copy Frameworks */ = {
			isa = PBXCopyFilesBuildPhase;
			buildActionMask = 2147483647;
			dstPath = "";
			dstSubfolderSpec = 10;
			files = (
				1B5FBBA023BE22F8007F9381 /* Nimble.framework in Carthage Copy Frameworks */,
				1B5FBBA123BE22F8007F9381 /* Quick.framework in Carthage Copy Frameworks */,
				1B5FBBA223BE22F8007F9381 /* SnapshotTesting.framework in Carthage Copy Frameworks */,
			);
			name = "Carthage Copy Frameworks";
			runOnlyForDeploymentPostprocessing = 0;
		};
/* End PBXCopyFilesBuildPhase section */

/* Begin PBXFileReference section */
		1B5FBB9C23BE20BA007F9381 /* AboutViewControllerSpec.swift */ = {isa = PBXFileReference; lastKnownFileType = sourcecode.swift; path = AboutViewControllerSpec.swift; sourceTree = "<group>"; };
		1B5FBBA323BE28CD007F9381 /* ExternalLinkHandler.swift */ = {isa = PBXFileReference; lastKnownFileType = sourcecode.swift; path = ExternalLinkHandler.swift; sourceTree = "<group>"; };
		1B5FBBA723BE3D0A007F9381 /* EmailSender.swift */ = {isa = PBXFileReference; lastKnownFileType = sourcecode.swift; path = EmailSender.swift; sourceTree = "<group>"; };
		1B5FBBA923BF47DD007F9381 /* EmailSenderSpec.swift */ = {isa = PBXFileReference; lastKnownFileType = sourcecode.swift; path = EmailSenderSpec.swift; sourceTree = "<group>"; };
		1B6BB3AC23AD0536002A1B46 /* Cartfile */ = {isa = PBXFileReference; fileEncoding = 4; lastKnownFileType = text; path = Cartfile; sourceTree = "<group>"; };
		2C1D2C8222E1F637000DEF4B /* UIFont+OnPaperSoccer.swift */ = {isa = PBXFileReference; lastKnownFileType = sourcecode.swift; path = "UIFont+OnPaperSoccer.swift"; sourceTree = "<group>"; };
		2C28D20E24378CF100285D3C /* SummaryViewController.swift */ = {isa = PBXFileReference; lastKnownFileType = sourcecode.swift; path = SummaryViewController.swift; sourceTree = "<group>"; };
		2C2BDD4521874587009D48BC /* FieldView.swift */ = {isa = PBXFileReference; lastKnownFileType = sourcecode.swift; path = FieldView.swift; sourceTree = "<group>"; };
		2C2CFF7F22FB39E000258B5A /* AboutViewController.swift */ = {isa = PBXFileReference; lastKnownFileType = sourcecode.swift; path = AboutViewController.swift; sourceTree = "<group>"; };
		2C2CFF8322FB3B0A00258B5A /* AboutView.swift */ = {isa = PBXFileReference; lastKnownFileType = sourcecode.swift; path = AboutView.swift; sourceTree = "<group>"; };
		2C2CFF8522FB410100258B5A /* WithCustomView.swift */ = {isa = PBXFileReference; lastKnownFileType = sourcecode.swift; path = WithCustomView.swift; sourceTree = "<group>"; };
		2C320B922178DBC800CDADF5 /* Point.swift */ = {isa = PBXFileReference; lastKnownFileType = sourcecode.swift; path = Point.swift; sourceTree = "<group>"; };
		2C320B942178DBE500CDADF5 /* Line.swift */ = {isa = PBXFileReference; lastKnownFileType = sourcecode.swift; path = Line.swift; sourceTree = "<group>"; };
		2C320B962178DD1E00CDADF5 /* FieldViewController.swift */ = {isa = PBXFileReference; lastKnownFileType = sourcecode.swift; path = FieldViewController.swift; sourceTree = "<group>"; };
		2C320B9E2178E2F600CDADF5 /* UIView+AddContentSubview.swift */ = {isa = PBXFileReference; lastKnownFileType = sourcecode.swift; path = "UIView+AddContentSubview.swift"; sourceTree = "<group>"; };
		2C320BA02178E32E00CDADF5 /* UIViewController+AddChildViewController.swift */ = {isa = PBXFileReference; lastKnownFileType = sourcecode.swift; path = "UIViewController+AddChildViewController.swift"; sourceTree = "<group>"; };
		2C97553422E08B360018964A /* SnapshotTesting.framework */ = {isa = PBXFileReference; lastKnownFileType = wrapper.framework; name = SnapshotTesting.framework; path = Carthage/Build/iOS/SnapshotTesting.framework; sourceTree = "<group>"; };
		2C97553522E08B360018964A /* Nimble.framework */ = {isa = PBXFileReference; lastKnownFileType = wrapper.framework; name = Nimble.framework; path = Carthage/Build/iOS/Nimble.framework; sourceTree = "<group>"; };
		2C97553622E08B360018964A /* Quick.framework */ = {isa = PBXFileReference; lastKnownFileType = wrapper.framework; name = Quick.framework; path = Carthage/Build/iOS/Quick.framework; sourceTree = "<group>"; };
		2C97553D22E095AA0018964A /* MenuViewController.swift */ = {isa = PBXFileReference; lastKnownFileType = sourcecode.swift; path = MenuViewController.swift; sourceTree = "<group>"; };
		2C97553E22E095AA0018964A /* MenuViewController.xib */ = {isa = PBXFileReference; lastKnownFileType = file.xib; path = MenuViewController.xib; sourceTree = "<group>"; };
		2C97554422E09B320018964A /* Dreamwalker.otf */ = {isa = PBXFileReference; lastKnownFileType = file; path = Dreamwalker.otf; sourceTree = "<group>"; };
		2C97554822E09C8A0018964A /* MenuRowButton.swift */ = {isa = PBXFileReference; lastKnownFileType = sourcecode.swift; path = MenuRowButton.swift; sourceTree = "<group>"; };
		2C97554E22E0A4370018964A /* Assets.xcassets */ = {isa = PBXFileReference; lastKnownFileType = folder.assetcatalog; path = Assets.xcassets; sourceTree = "<group>"; };
		2C97555022E0B1980018964A /* SnapKit.framework */ = {isa = PBXFileReference; lastKnownFileType = wrapper.framework; name = SnapKit.framework; path = Carthage/Build/iOS/SnapKit.framework; sourceTree = "<group>"; };
		2C9A70A221BE615C00B801C9 /* MatchViewController.swift */ = {isa = PBXFileReference; lastKnownFileType = sourcecode.swift; path = MatchViewController.swift; sourceTree = "<group>"; };
		2C9A70A321BE615C00B801C9 /* MatchViewController.xib */ = {isa = PBXFileReference; lastKnownFileType = file.xib; path = MatchViewController.xib; sourceTree = "<group>"; };
		2C9A70A621BE747000B801C9 /* MovesValidator.swift */ = {isa = PBXFileReference; lastKnownFileType = sourcecode.swift; path = MovesValidator.swift; sourceTree = "<group>"; };
		2CB51AF1202CDC96009C3B71 /* Grid Soccer.app */ = {isa = PBXFileReference; explicitFileType = wrapper.application; includeInIndex = 0; path = "Grid Soccer.app"; sourceTree = BUILT_PRODUCTS_DIR; };
		2CB51AF4202CDC96009C3B71 /* AppDelegate.swift */ = {isa = PBXFileReference; lastKnownFileType = sourcecode.swift; path = AppDelegate.swift; sourceTree = "<group>"; };
		2CB51AFE202CDC96009C3B71 /* Base */ = {isa = PBXFileReference; lastKnownFileType = file.storyboard; name = Base; path = Base.lproj/LaunchScreen.storyboard; sourceTree = "<group>"; };
		2CB51B00202CDC96009C3B71 /* Info.plist */ = {isa = PBXFileReference; lastKnownFileType = text.plist.xml; path = Info.plist; sourceTree = "<group>"; };
		2CB51B05202CDC96009C3B71 /* OnPaperSoccerTests.xctest */ = {isa = PBXFileReference; explicitFileType = wrapper.cfbundle; includeInIndex = 0; path = OnPaperSoccerTests.xctest; sourceTree = BUILT_PRODUCTS_DIR; };
		2CB51B0B202CDC96009C3B71 /* Info.plist */ = {isa = PBXFileReference; lastKnownFileType = text.plist.xml; path = Info.plist; sourceTree = "<group>"; };
		2CC33B6122EB36C9006884FB /* AppStyler.swift */ = {isa = PBXFileReference; lastKnownFileType = sourcecode.swift; path = AppStyler.swift; sourceTree = "<group>"; };
		2CC33B6322EB37F4006884FB /* UIBarButtonItem+Specs.swift */ = {isa = PBXFileReference; lastKnownFileType = sourcecode.swift; path = "UIBarButtonItem+Specs.swift"; sourceTree = "<group>"; };
		2CCE26C2228AF0B10028D291 /* MoveButton.swift */ = {isa = PBXFileReference; lastKnownFileType = sourcecode.swift; path = MoveButton.swift; sourceTree = "<group>"; };
		AA24B05A388611DD00323809 /* Vector.swift */ = {isa = PBXFileReference; fileEncoding = 4; lastKnownFileType = sourcecode.swift; path = Vector.swift; sourceTree = "<group>"; };
		AA24B06D05D5533EA3B990A2 /* PlayerTurnController.swift */ = {isa = PBXFileReference; fileEncoding = 4; lastKnownFileType = sourcecode.swift; path = PlayerTurnController.swift; sourceTree = "<group>"; };
		AA24B10771B109B53597B92F /* CoreGraphics+Extensions.swift */ = {isa = PBXFileReference; fileEncoding = 4; lastKnownFileType = sourcecode.swift; path = "CoreGraphics+Extensions.swift"; sourceTree = "<group>"; };
		AA24B13D18BFBF3DDCDC0F91 /* FieldViewControllerSpec.swift */ = {isa = PBXFileReference; fileEncoding = 4; lastKnownFileType = sourcecode.swift; path = FieldViewControllerSpec.swift; sourceTree = "<group>"; };
		AA24B1B708C98F1A574B73A2 /* UIControl+Specs.swift */ = {isa = PBXFileReference; fileEncoding = 4; lastKnownFileType = sourcecode.swift; path = "UIControl+Specs.swift"; sourceTree = "<group>"; };
		AA24B240A48A18440B46E320 /* MatchViewControllerSpec.swift */ = {isa = PBXFileReference; fileEncoding = 4; lastKnownFileType = sourcecode.swift; path = MatchViewControllerSpec.swift; sourceTree = "<group>"; };
		AA24B24D03DBEAA9F3641B24 /* GameSettings.swift */ = {isa = PBXFileReference; fileEncoding = 4; lastKnownFileType = sourcecode.swift; path = GameSettings.swift; sourceTree = "<group>"; };
		AA24B44D98711ED2BADE4D3A /* FlowController.swift */ = {isa = PBXFileReference; fileEncoding = 4; lastKnownFileType = sourcecode.swift; path = FlowController.swift; sourceTree = "<group>"; };
		AA24B4F322735060BBE4226E /* MovesViewControllerSpec.swift */ = {isa = PBXFileReference; fileEncoding = 4; lastKnownFileType = sourcecode.swift; path = MovesViewControllerSpec.swift; sourceTree = "<group>"; };
		AA24B5092F1425DDB1948782 /* MovesViewController.swift */ = {isa = PBXFileReference; fileEncoding = 4; lastKnownFileType = sourcecode.swift; path = MovesViewController.swift; sourceTree = "<group>"; };
		AA24B69EA01AE4A38448BB7E /* MenuRowButtonSpec.swift */ = {isa = PBXFileReference; fileEncoding = 4; lastKnownFileType = sourcecode.swift; path = MenuRowButtonSpec.swift; sourceTree = "<group>"; };
		AA24B77DCFCFB2BA9F8CC272 /* PlayerTurnControllerSpec.swift */ = {isa = PBXFileReference; fileEncoding = 4; lastKnownFileType = sourcecode.swift; path = PlayerTurnControllerSpec.swift; sourceTree = "<group>"; };
		AA24B82E6F9EF90FAA3E9470 /* GameSettings+Fixture.swift */ = {isa = PBXFileReference; fileEncoding = 4; lastKnownFileType = sourcecode.swift; path = "GameSettings+Fixture.swift"; sourceTree = "<group>"; };
		AA24B87021212FBB69C0BD00 /* Resetable.swift */ = {isa = PBXFileReference; fileEncoding = 4; lastKnownFileType = sourcecode.swift; path = Resetable.swift; sourceTree = "<group>"; };
		AA24B89C3CD561A829494264 /* MovesValidatorSpec.swift */ = {isa = PBXFileReference; fileEncoding = 4; lastKnownFileType = sourcecode.swift; path = MovesValidatorSpec.swift; sourceTree = "<group>"; };
		AA24B9766E353BB7D3ED0546 /* UIColor+OnPaperSoccer.swift */ = {isa = PBXFileReference; fileEncoding = 4; lastKnownFileType = sourcecode.swift; path = "UIColor+OnPaperSoccer.swift"; sourceTree = "<group>"; };
		AA24BA9C383BCEDACB8CD8E5 /* MovesViewController.xib */ = {isa = PBXFileReference; lastKnownFileType = file.xib; path = MovesViewController.xib; sourceTree = "<group>"; };
		AA24BAF8AC8464C4CA23C9D8 /* MenuViewControllerSpec.swift */ = {isa = PBXFileReference; fileEncoding = 4; lastKnownFileType = sourcecode.swift; path = MenuViewControllerSpec.swift; sourceTree = "<group>"; };
		AA24BB10F9C1929C5A53998D /* UIColor+Fixture.swift */ = {isa = PBXFileReference; fileEncoding = 4; lastKnownFileType = sourcecode.swift; path = "UIColor+Fixture.swift"; sourceTree = "<group>"; };
		AA24BB52B9805E2EAD200F8C /* UIImage+Assets.swift */ = {isa = PBXFileReference; fileEncoding = 4; lastKnownFileType = sourcecode.swift; path = "UIImage+Assets.swift"; sourceTree = "<group>"; };
		AA24BBE17CB8F6DFDF63E4FF /* SummaryView.swift */ = {isa = PBXFileReference; fileEncoding = 4; lastKnownFileType = sourcecode.swift; path = SummaryView.swift; sourceTree = "<group>"; };
		AA24BC0B623729163EC253E7 /* Point+Fixture.swift */ = {isa = PBXFileReference; fileEncoding = 4; lastKnownFileType = sourcecode.swift; path = "Point+Fixture.swift"; sourceTree = "<group>"; };
		AA24BCB1E19522BE044C014E /* ControllersFactory.swift */ = {isa = PBXFileReference; fileEncoding = 4; lastKnownFileType = sourcecode.swift; path = ControllersFactory.swift; sourceTree = "<group>"; };
		AA24BD2C9FBB272298F04DC4 /* Player.swift */ = {isa = PBXFileReference; fileEncoding = 4; lastKnownFileType = sourcecode.swift; path = Player.swift; sourceTree = "<group>"; };
		AA24BD673F83D63E6612678E /* SummaryViewControllerSpec.swift */ = {isa = PBXFileReference; fileEncoding = 4; lastKnownFileType = sourcecode.swift; path = SummaryViewControllerSpec.swift; sourceTree = "<group>"; };
		AA24BE820377AE917733B251 /* WithViewController.swift */ = {isa = PBXFileReference; fileEncoding = 4; lastKnownFileType = sourcecode.swift; path = WithViewController.swift; sourceTree = "<group>"; };
		AA24BEE8D0DE024FC81EBD3A /* Move.swift */ = {isa = PBXFileReference; fileEncoding = 4; lastKnownFileType = sourcecode.swift; path = Move.swift; sourceTree = "<group>"; };
/* End PBXFileReference section */

/* Begin PBXFrameworksBuildPhase section */
		2CB51AEE202CDC95009C3B71 /* Frameworks */ = {
			isa = PBXFrameworksBuildPhase;
			buildActionMask = 2147483647;
			files = (
				2C97555222E0B1EF0018964A /* SnapKit.framework in Frameworks */,
			);
			runOnlyForDeploymentPostprocessing = 0;
		};
		2CB51B02202CDC96009C3B71 /* Frameworks */ = {
			isa = PBXFrameworksBuildPhase;
			buildActionMask = 2147483647;
			files = (
				2C97553722E08B360018964A /* SnapshotTesting.framework in Frameworks */,
				2C97553822E08B360018964A /* Nimble.framework in Frameworks */,
				2C97553922E08B360018964A /* Quick.framework in Frameworks */,
			);
			runOnlyForDeploymentPostprocessing = 0;
		};
/* End PBXFrameworksBuildPhase section */

/* Begin PBXGroup section */
		2C1D2C8122E1F622000DEF4B /* Styles */ = {
			isa = PBXGroup;
			children = (
				AA24B9766E353BB7D3ED0546 /* UIColor+OnPaperSoccer.swift */,
				2C1D2C8222E1F637000DEF4B /* UIFont+OnPaperSoccer.swift */,
				2CC33B6122EB36C9006884FB /* AppStyler.swift */,
			);
			path = Styles;
			sourceTree = "<group>";
		};
		2C2CFF7E22FB39B700258B5A /* About */ = {
			isa = PBXGroup;
			children = (
				2C2CFF7F22FB39E000258B5A /* AboutViewController.swift */,
				1B5FBB9C23BE20BA007F9381 /* AboutViewControllerSpec.swift */,
				2C2CFF8322FB3B0A00258B5A /* AboutView.swift */,
			);
			path = About;
			sourceTree = "<group>";
		};
		2C320B912178DBBF00CDADF5 /* Data */ = {
			isa = PBXGroup;
			children = (
				2C320B922178DBC800CDADF5 /* Point.swift */,
				2C320B942178DBE500CDADF5 /* Line.swift */,
				AA24B05A388611DD00323809 /* Vector.swift */,
				AA24BEE8D0DE024FC81EBD3A /* Move.swift */,
				AA24BD2C9FBB272298F04DC4 /* Player.swift */,
				AA24B24D03DBEAA9F3641B24 /* GameSettings.swift */,
			);
			path = Data;
			sourceTree = "<group>";
		};
		2C320B9C2178E2D500CDADF5 /* Helpers */ = {
			isa = PBXGroup;
			children = (
				2C1D2C8122E1F622000DEF4B /* Styles */,
				2C320B9D2178E2DC00CDADF5 /* Extensions */,
				2C9A70A621BE747000B801C9 /* MovesValidator.swift */,
				1B5FBBA323BE28CD007F9381 /* ExternalLinkHandler.swift */,
				AA24B89C3CD561A829494264 /* MovesValidatorSpec.swift */,
				AA24BCB1E19522BE044C014E /* ControllersFactory.swift */,
				AA24B06D05D5533EA3B990A2 /* PlayerTurnController.swift */,
				AA24B77DCFCFB2BA9F8CC272 /* PlayerTurnControllerSpec.swift */,
				AA24B44D98711ED2BADE4D3A /* FlowController.swift */,
				AA24B38927CB41932430085C /* Protocols */,
				1B5FBBA723BE3D0A007F9381 /* EmailSender.swift */,
				1B5FBBA923BF47DD007F9381 /* EmailSenderSpec.swift */,
			);
			path = Helpers;
			sourceTree = "<group>";
		};
		2C320B9D2178E2DC00CDADF5 /* Extensions */ = {
			isa = PBXGroup;
			children = (
				2C320B9E2178E2F600CDADF5 /* UIView+AddContentSubview.swift */,
				2C320BA02178E32E00CDADF5 /* UIViewController+AddChildViewController.swift */,
				AA24B10771B109B53597B92F /* CoreGraphics+Extensions.swift */,
				AA24BB52B9805E2EAD200F8C /* UIImage+Assets.swift */,
			);
			path = Extensions;
			sourceTree = "<group>";
		};
		2C97553322E08B360018964A /* Frameworks */ = {
			isa = PBXGroup;
			children = (
				2C97555022E0B1980018964A /* SnapKit.framework */,
				2C97553522E08B360018964A /* Nimble.framework */,
				2C97553622E08B360018964A /* Quick.framework */,
				2C97553422E08B360018964A /* SnapshotTesting.framework */,
			);
			name = Frameworks;
			sourceTree = "<group>";
		};
		2C97553C22E095840018964A /* Menu */ = {
			isa = PBXGroup;
			children = (
				2C97553D22E095AA0018964A /* MenuViewController.swift */,
				2C97553E22E095AA0018964A /* MenuViewController.xib */,
				AA24BAF8AC8464C4CA23C9D8 /* MenuViewControllerSpec.swift */,
			);
			path = Menu;
			sourceTree = "<group>";
		};
		2C97554122E09AB80018964A /* Resources */ = {
			isa = PBXGroup;
			children = (
				2C97554322E09B000018964A /* Fonts */,
				2C97554E22E0A4370018964A /* Assets.xcassets */,
			);
			path = Resources;
			sourceTree = "<group>";
		};
		2C97554222E09AD30018964A /* Classes */ = {
			isa = PBXGroup;
			children = (
				AA24B565916B6B419C730B97 /* Custom Views */,
				2CB51B14202CEB3C009C3B71 /* Modules */,
				2C320B912178DBBF00CDADF5 /* Data */,
				2C320B9C2178E2D500CDADF5 /* Helpers */,
			);
			path = Classes;
			sourceTree = "<group>";
		};
		2C97554322E09B000018964A /* Fonts */ = {
			isa = PBXGroup;
			children = (
				2C97554422E09B320018964A /* Dreamwalker.otf */,
			);
			path = Fonts;
			sourceTree = "<group>";
		};
		2C9A70A121BE608900B801C9 /* Moving */ = {
			isa = PBXGroup;
			children = (
				AA24B5092F1425DDB1948782 /* MovesViewController.swift */,
				AA24BA9C383BCEDACB8CD8E5 /* MovesViewController.xib */,
				AA24B4F322735060BBE4226E /* MovesViewControllerSpec.swift */,
			);
			path = Moving;
			sourceTree = "<group>";
		};
		2CB51AE8202CDC95009C3B71 = {
			isa = PBXGroup;
			children = (
				1B6BB3AC23AD0536002A1B46 /* Cartfile */,
				2CB51AF3202CDC96009C3B71 /* OnPaperSoccer */,
				2CB51B08202CDC96009C3B71 /* OnPaperSoccerTests */,
				2CB51AF2202CDC96009C3B71 /* Products */,
				2C97553322E08B360018964A /* Frameworks */,
			);
			sourceTree = "<group>";
		};
		2CB51AF2202CDC96009C3B71 /* Products */ = {
			isa = PBXGroup;
			children = (
				2CB51AF1202CDC96009C3B71 /* Grid Soccer.app */,
				2CB51B05202CDC96009C3B71 /* OnPaperSoccerTests.xctest */,
			);
			name = Products;
			sourceTree = "<group>";
		};
		2CB51AF3202CDC96009C3B71 /* OnPaperSoccer */ = {
			isa = PBXGroup;
			children = (
				2C97554222E09AD30018964A /* Classes */,
				2C97554122E09AB80018964A /* Resources */,
				2CB51AF4202CDC96009C3B71 /* AppDelegate.swift */,
				2CB51AFD202CDC96009C3B71 /* LaunchScreen.storyboard */,
				2CB51B00202CDC96009C3B71 /* Info.plist */,
			);
			path = OnPaperSoccer;
			sourceTree = "<group>";
		};
		2CB51B08202CDC96009C3B71 /* OnPaperSoccerTests */ = {
			isa = PBXGroup;
			children = (
				2CB51B0B202CDC96009C3B71 /* Info.plist */,
				AA24BCC82FC7DBC8BBDE68DE /* Extensions */,
				AA24B58367C689F90EE2E72A /* Fixtures */,
			);
			path = OnPaperSoccerTests;
			sourceTree = "<group>";
		};
		2CB51B14202CEB3C009C3B71 /* Modules */ = {
			isa = PBXGroup;
			children = (
				2CEDB2C1243771C600430951 /* Summary */,
				2C2CFF7E22FB39B700258B5A /* About */,
				2C97553C22E095840018964A /* Menu */,
				2CB51B1A202CF91F009C3B71 /* Match */,
			);
			path = Modules;
			sourceTree = "<group>";
		};
		2CB51B1A202CF91F009C3B71 /* Match */ = {
			isa = PBXGroup;
			children = (
				2C9A70A121BE608900B801C9 /* Moving */,
				AA24BCA3D2362B6FDA99C1B5 /* Field */,
				2C9A70A221BE615C00B801C9 /* MatchViewController.swift */,
				2C9A70A321BE615C00B801C9 /* MatchViewController.xib */,
				AA24B240A48A18440B46E320 /* MatchViewControllerSpec.swift */,
			);
			path = Match;
			sourceTree = "<group>";
		};
		2CEDB2C1243771C600430951 /* Summary */ = {
			isa = PBXGroup;
			children = (
				2C28D20E24378CF100285D3C /* SummaryViewController.swift */,
				AA24BBE17CB8F6DFDF63E4FF /* SummaryView.swift */,
				AA24BD673F83D63E6612678E /* SummaryViewControllerSpec.swift */,
			);
			path = Summary;
			sourceTree = "<group>";
		};
		AA24B38927CB41932430085C /* Protocols */ = {
			isa = PBXGroup;
			children = (
				AA24BE820377AE917733B251 /* WithViewController.swift */,
				AA24B87021212FBB69C0BD00 /* Resetable.swift */,
				2C2CFF8522FB410100258B5A /* WithCustomView.swift */,
			);
			path = Protocols;
			sourceTree = "<group>";
		};
		AA24B565916B6B419C730B97 /* Custom Views */ = {
			isa = PBXGroup;
			children = (
				2CCE26C2228AF0B10028D291 /* MoveButton.swift */,
				2C97554822E09C8A0018964A /* MenuRowButton.swift */,
				AA24B69EA01AE4A38448BB7E /* MenuRowButtonSpec.swift */,
			);
			path = "Custom Views";
			sourceTree = "<group>";
		};
		AA24B58367C689F90EE2E72A /* Fixtures */ = {
			isa = PBXGroup;
			children = (
				AA24BC0B623729163EC253E7 /* Point+Fixture.swift */,
				AA24BB10F9C1929C5A53998D /* UIColor+Fixture.swift */,
				AA24B82E6F9EF90FAA3E9470 /* GameSettings+Fixture.swift */,
			);
			path = Fixtures;
			sourceTree = "<group>";
		};
		AA24BCA3D2362B6FDA99C1B5 /* Field */ = {
			isa = PBXGroup;
			children = (
				2C320B962178DD1E00CDADF5 /* FieldViewController.swift */,
				AA24B13D18BFBF3DDCDC0F91 /* FieldViewControllerSpec.swift */,
				2C2BDD4521874587009D48BC /* FieldView.swift */,
			);
			path = Field;
			sourceTree = "<group>";
		};
		AA24BCC82FC7DBC8BBDE68DE /* Extensions */ = {
			isa = PBXGroup;
			children = (
				AA24B1B708C98F1A574B73A2 /* UIControl+Specs.swift */,
				2CC33B6322EB37F4006884FB /* UIBarButtonItem+Specs.swift */,
			);
			path = Extensions;
			sourceTree = "<group>";
		};
/* End PBXGroup section */

/* Begin PBXNativeTarget section */
		2CB51AF0202CDC95009C3B71 /* OnPaperSoccer */ = {
			isa = PBXNativeTarget;
			buildConfigurationList = 2CB51B0E202CDC96009C3B71 /* Build configuration list for PBXNativeTarget "OnPaperSoccer" */;
			buildPhases = (
				2CB51AED202CDC95009C3B71 /* Sources */,
				2CB51AEE202CDC95009C3B71 /* Frameworks */,
				2CB51AEF202CDC95009C3B71 /* Resources */,
				2C97555322E0B20C0018964A /* ShellScript */,
			);
			buildRules = (
			);
			dependencies = (
			);
			name = OnPaperSoccer;
			productName = OnPaperSoccer;
			productReference = 2CB51AF1202CDC96009C3B71 /* Grid Soccer.app */;
			productType = "com.apple.product-type.application";
		};
		2CB51B04202CDC96009C3B71 /* OnPaperSoccerTests */ = {
			isa = PBXNativeTarget;
			buildConfigurationList = 2CB51B11202CDC96009C3B71 /* Build configuration list for PBXNativeTarget "OnPaperSoccerTests" */;
			buildPhases = (
				2CB51B01202CDC96009C3B71 /* Sources */,
				2CB51B02202CDC96009C3B71 /* Frameworks */,
				2CB51B03202CDC96009C3B71 /* Resources */,
				1B5FBB9F23BE2256007F9381 /* Carthage Copy Frameworks */,
			);
			buildRules = (
			);
			dependencies = (
				2CB51B07202CDC96009C3B71 /* PBXTargetDependency */,
			);
			name = OnPaperSoccerTests;
			productName = OnPaperSoccerTests;
			productReference = 2CB51B05202CDC96009C3B71 /* OnPaperSoccerTests.xctest */;
			productType = "com.apple.product-type.bundle.unit-test";
		};
/* End PBXNativeTarget section */

/* Begin PBXProject section */
		2CB51AE9202CDC95009C3B71 /* Project object */ = {
			isa = PBXProject;
			attributes = {
				LastSwiftUpdateCheck = 0920;
				LastUpgradeCheck = 1100;
				ORGANIZATIONNAME = com.owlyapps.onPaperSoccer;
				TargetAttributes = {
					2CB51AF0202CDC95009C3B71 = {
						CreatedOnToolsVersion = 9.2;
						LastSwiftMigration = 1100;
						ProvisioningStyle = Automatic;
					};
					2CB51B04202CDC96009C3B71 = {
						CreatedOnToolsVersion = 9.2;
						LastSwiftMigration = 1100;
						ProvisioningStyle = Automatic;
						TestTargetID = 2CB51AF0202CDC95009C3B71;
					};
				};
			};
			buildConfigurationList = 2CB51AEC202CDC95009C3B71 /* Build configuration list for PBXProject "OnPaperSoccer" */;
			compatibilityVersion = "Xcode 8.0";
			developmentRegion = en;
			hasScannedForEncodings = 0;
			knownRegions = (
				en,
				Base,
			);
			mainGroup = 2CB51AE8202CDC95009C3B71;
			productRefGroup = 2CB51AF2202CDC96009C3B71 /* Products */;
			projectDirPath = "";
			projectRoot = "";
			targets = (
				2CB51AF0202CDC95009C3B71 /* OnPaperSoccer */,
				2CB51B04202CDC96009C3B71 /* OnPaperSoccerTests */,
			);
		};
/* End PBXProject section */

/* Begin PBXResourcesBuildPhase section */
		2CB51AEF202CDC95009C3B71 /* Resources */ = {
			isa = PBXResourcesBuildPhase;
			buildActionMask = 2147483647;
			files = (
				1B6BB3AD23AD0536002A1B46 /* Cartfile in Resources */,
				2CB51AFF202CDC96009C3B71 /* LaunchScreen.storyboard in Resources */,
				2C97554522E09B320018964A /* Dreamwalker.otf in Resources */,
				2C97554022E095AA0018964A /* MenuViewController.xib in Resources */,
				2C9A70A521BE615C00B801C9 /* MatchViewController.xib in Resources */,
				2C97554F22E0A4370018964A /* Assets.xcassets in Resources */,
				AA24B8B08AD975D581E6AF56 /* MovesViewController.xib in Resources */,
			);
			runOnlyForDeploymentPostprocessing = 0;
		};
		2CB51B03202CDC96009C3B71 /* Resources */ = {
			isa = PBXResourcesBuildPhase;
			buildActionMask = 2147483647;
			files = (
			);
			runOnlyForDeploymentPostprocessing = 0;
		};
/* End PBXResourcesBuildPhase section */

/* Begin PBXShellScriptBuildPhase section */
		2C97555322E0B20C0018964A /* ShellScript */ = {
			isa = PBXShellScriptBuildPhase;
			buildActionMask = 2147483647;
			files = (
			);
			inputFileListPaths = (
				"$(SRCROOT)/Carthage/OnPaperSoccerInput.xcfilelist",
			);
			inputPaths = (
			);
			outputFileListPaths = (
				"$(SRCROOT)/Carthage/OnPaperSoccerOutput.xcfilelist",
			);
			outputPaths = (
			);
			runOnlyForDeploymentPostprocessing = 0;
			shellPath = /bin/sh;
			shellScript = "/usr/local/bin/carthage copy-frameworks\n";
		};
/* End PBXShellScriptBuildPhase section */

/* Begin PBXSourcesBuildPhase section */
		2CB51AED202CDC95009C3B71 /* Sources */ = {
			isa = PBXSourcesBuildPhase;
			buildActionMask = 2147483647;
			files = (
				2C320BA12178E32E00CDADF5 /* UIViewController+AddChildViewController.swift in Sources */,
				2C2CFF8622FB410100258B5A /* WithCustomView.swift in Sources */,
				2C2BDD4621874587009D48BC /* FieldView.swift in Sources */,
				2C28D21024378CF100285D3C /* SummaryViewController.swift in Sources */,
				2C320B9F2178E2F600CDADF5 /* UIView+AddContentSubview.swift in Sources */,
				2C320B932178DBC800CDADF5 /* Point.swift in Sources */,
				2C97554922E09C8A0018964A /* MenuRowButton.swift in Sources */,
				2C9A70A421BE615C00B801C9 /* MatchViewController.swift in Sources */,
				2CB51AF5202CDC96009C3B71 /* AppDelegate.swift in Sources */,
				2C320B952178DBE500CDADF5 /* Line.swift in Sources */,
				2C2CFF8422FB3B0A00258B5A /* AboutView.swift in Sources */,
				2C320B982178DD1E00CDADF5 /* FieldViewController.swift in Sources */,
				2CCE26C3228AF0B10028D291 /* MoveButton.swift in Sources */,
				2C9A70A721BE747000B801C9 /* MovesValidator.swift in Sources */,
				AA24B9D40713DEC4441E3456 /* CoreGraphics+Extensions.swift in Sources */,
				2C2CFF8122FB39E000258B5A /* AboutViewController.swift in Sources */,
				2CC33B6222EB36C9006884FB /* AppStyler.swift in Sources */,
				AA24BB0EB5F03F92D472BEDA /* MovesViewController.swift in Sources */,
				AA24B801CF942F9DB6416223 /* Vector.swift in Sources */,
				AA24B4FFA5A98FA1002F8BE1 /* ControllersFactory.swift in Sources */,
				2C1D2C8322E1F637000DEF4B /* UIFont+OnPaperSoccer.swift in Sources */,
				AA24B896F14743827284DDCB /* Move.swift in Sources */,
				1B5FBBA423BE28CD007F9381 /* ExternalLinkHandler.swift in Sources */,
				AA24BE4D7DBC4D7FEB821CBC /* PlayerTurnController.swift in Sources */,
				AA24B4B4A793D3B2FF4D0D6E /* Player.swift in Sources */,
				AA24BD5D752D52F0BD6889C0 /* FlowController.swift in Sources */,
				AA24BBEA3ABD8329D82E7FDF /* WithViewController.swift in Sources */,
				AA24BD0F214B46C2945C2BEB /* Resetable.swift in Sources */,
				AA24BDC8FA9191EEC7BC25D2 /* GameSettings.swift in Sources */,
				AA24BBCAAF24F051B2E66253 /* UIColor+OnPaperSoccer.swift in Sources */,
				2C97553F22E095AA0018964A /* MenuViewController.swift in Sources */,
				1B5FBBA823BE3D0A007F9381 /* EmailSender.swift in Sources */,
				AA24B6685BF4D5BB95F01B88 /* SummaryView.swift in Sources */,
				AA24BB561422B0FD553BD4A4 /* UIImage+Assets.swift in Sources */,
			);
			runOnlyForDeploymentPostprocessing = 0;
		};
		2CB51B01202CDC96009C3B71 /* Sources */ = {
			isa = PBXSourcesBuildPhase;
			buildActionMask = 2147483647;
			files = (
				AA24B7F2356C873ECB235CBD /* UIControl+Specs.swift in Sources */,
				1B5FBB9E23BE2188007F9381 /* AboutViewControllerSpec.swift in Sources */,
				1B5FBBAA23BF47DD007F9381 /* EmailSenderSpec.swift in Sources */,
				AA24B2F3C919EEC95E187E86 /* FieldViewControllerSpec.swift in Sources */,
				AA24B42B6DE4E267CAB7CFAD /* MovesViewControllerSpec.swift in Sources */,
				AA24B6302B864E0EE4257AA3 /* MatchViewControllerSpec.swift in Sources */,
				AA24BBD836740507532F5610 /* MovesValidatorSpec.swift in Sources */,
				AA24B4171DFA4220F577787F /* Point+Fixture.swift in Sources */,
				AA24B7130118B052140EC799 /* PlayerTurnControllerSpec.swift in Sources */,
				AA24B696C655F461F39434E4 /* UIColor+Fixture.swift in Sources */,
				AA24BC1CBAE58A5B5DF58308 /* GameSettings+Fixture.swift in Sources */,
				2CC33B6422EB37F4006884FB /* UIBarButtonItem+Specs.swift in Sources */,
				AA24B6CD59CC1876FC87674E /* MenuViewControllerSpec.swift in Sources */,
				AA24B85978E9CBC61199D413 /* MenuRowButtonSpec.swift in Sources */,
				AA24BC4C568E5DA5F761B96A /* SummaryViewControllerSpec.swift in Sources */,
			);
			runOnlyForDeploymentPostprocessing = 0;
		};
/* End PBXSourcesBuildPhase section */

/* Begin PBXTargetDependency section */
		2CB51B07202CDC96009C3B71 /* PBXTargetDependency */ = {
			isa = PBXTargetDependency;
			target = 2CB51AF0202CDC95009C3B71 /* OnPaperSoccer */;
			targetProxy = 2CB51B06202CDC96009C3B71 /* PBXContainerItemProxy */;
		};
/* End PBXTargetDependency section */

/* Begin PBXVariantGroup section */
		2CB51AFD202CDC96009C3B71 /* LaunchScreen.storyboard */ = {
			isa = PBXVariantGroup;
			children = (
				2CB51AFE202CDC96009C3B71 /* Base */,
			);
			name = LaunchScreen.storyboard;
			sourceTree = "<group>";
		};
/* End PBXVariantGroup section */

/* Begin XCBuildConfiguration section */
		2CB51B0C202CDC96009C3B71 /* Debug */ = {
			isa = XCBuildConfiguration;
			buildSettings = {
				ALWAYS_SEARCH_USER_PATHS = NO;
				CLANG_ANALYZER_NONNULL = YES;
				CLANG_ANALYZER_NUMBER_OBJECT_CONVERSION = YES_AGGRESSIVE;
				CLANG_CXX_LANGUAGE_STANDARD = "gnu++14";
				CLANG_CXX_LIBRARY = "libc++";
				CLANG_ENABLE_MODULES = YES;
				CLANG_ENABLE_OBJC_ARC = YES;
				CLANG_WARN_BLOCK_CAPTURE_AUTORELEASING = YES;
				CLANG_WARN_BOOL_CONVERSION = YES;
				CLANG_WARN_COMMA = YES;
				CLANG_WARN_CONSTANT_CONVERSION = YES;
				CLANG_WARN_DEPRECATED_OBJC_IMPLEMENTATIONS = YES;
				CLANG_WARN_DIRECT_OBJC_ISA_USAGE = YES_ERROR;
				CLANG_WARN_DOCUMENTATION_COMMENTS = YES;
				CLANG_WARN_EMPTY_BODY = YES;
				CLANG_WARN_ENUM_CONVERSION = YES;
				CLANG_WARN_INFINITE_RECURSION = YES;
				CLANG_WARN_INT_CONVERSION = YES;
				CLANG_WARN_NON_LITERAL_NULL_CONVERSION = YES;
				CLANG_WARN_OBJC_IMPLICIT_RETAIN_SELF = YES;
				CLANG_WARN_OBJC_LITERAL_CONVERSION = YES;
				CLANG_WARN_OBJC_ROOT_CLASS = YES_ERROR;
				CLANG_WARN_RANGE_LOOP_ANALYSIS = YES;
				CLANG_WARN_STRICT_PROTOTYPES = YES;
				CLANG_WARN_SUSPICIOUS_MOVE = YES;
				CLANG_WARN_UNGUARDED_AVAILABILITY = YES_AGGRESSIVE;
				CLANG_WARN_UNREACHABLE_CODE = YES;
				CLANG_WARN__DUPLICATE_METHOD_MATCH = YES;
				CODE_SIGN_IDENTITY = "iPhone Developer";
				COPY_PHASE_STRIP = NO;
				DEBUG_INFORMATION_FORMAT = dwarf;
				ENABLE_STRICT_OBJC_MSGSEND = YES;
				ENABLE_TESTABILITY = YES;
				GCC_C_LANGUAGE_STANDARD = gnu11;
				GCC_DYNAMIC_NO_PIC = NO;
				GCC_NO_COMMON_BLOCKS = YES;
				GCC_OPTIMIZATION_LEVEL = 0;
				GCC_PREPROCESSOR_DEFINITIONS = (
					"DEBUG=1",
					"$(inherited)",
				);
				GCC_WARN_64_TO_32_BIT_CONVERSION = YES;
				GCC_WARN_ABOUT_RETURN_TYPE = YES_ERROR;
				GCC_WARN_UNDECLARED_SELECTOR = YES;
				GCC_WARN_UNINITIALIZED_AUTOS = YES_AGGRESSIVE;
				GCC_WARN_UNUSED_FUNCTION = YES;
				GCC_WARN_UNUSED_VARIABLE = YES;
				IPHONEOS_DEPLOYMENT_TARGET = 13.0;
				MTL_ENABLE_DEBUG_INFO = YES;
				ONLY_ACTIVE_ARCH = YES;
				SDKROOT = iphoneos;
				SWIFT_ACTIVE_COMPILATION_CONDITIONS = DEBUG;
				SWIFT_OPTIMIZATION_LEVEL = "-Onone";
			};
			name = Debug;
		};
		2CB51B0D202CDC96009C3B71 /* Release */ = {
			isa = XCBuildConfiguration;
			buildSettings = {
				ALWAYS_SEARCH_USER_PATHS = NO;
				CLANG_ANALYZER_NONNULL = YES;
				CLANG_ANALYZER_NUMBER_OBJECT_CONVERSION = YES_AGGRESSIVE;
				CLANG_CXX_LANGUAGE_STANDARD = "gnu++14";
				CLANG_CXX_LIBRARY = "libc++";
				CLANG_ENABLE_MODULES = YES;
				CLANG_ENABLE_OBJC_ARC = YES;
				CLANG_WARN_BLOCK_CAPTURE_AUTORELEASING = YES;
				CLANG_WARN_BOOL_CONVERSION = YES;
				CLANG_WARN_COMMA = YES;
				CLANG_WARN_CONSTANT_CONVERSION = YES;
				CLANG_WARN_DEPRECATED_OBJC_IMPLEMENTATIONS = YES;
				CLANG_WARN_DIRECT_OBJC_ISA_USAGE = YES_ERROR;
				CLANG_WARN_DOCUMENTATION_COMMENTS = YES;
				CLANG_WARN_EMPTY_BODY = YES;
				CLANG_WARN_ENUM_CONVERSION = YES;
				CLANG_WARN_INFINITE_RECURSION = YES;
				CLANG_WARN_INT_CONVERSION = YES;
				CLANG_WARN_NON_LITERAL_NULL_CONVERSION = YES;
				CLANG_WARN_OBJC_IMPLICIT_RETAIN_SELF = YES;
				CLANG_WARN_OBJC_LITERAL_CONVERSION = YES;
				CLANG_WARN_OBJC_ROOT_CLASS = YES_ERROR;
				CLANG_WARN_RANGE_LOOP_ANALYSIS = YES;
				CLANG_WARN_STRICT_PROTOTYPES = YES;
				CLANG_WARN_SUSPICIOUS_MOVE = YES;
				CLANG_WARN_UNGUARDED_AVAILABILITY = YES_AGGRESSIVE;
				CLANG_WARN_UNREACHABLE_CODE = YES;
				CLANG_WARN__DUPLICATE_METHOD_MATCH = YES;
				CODE_SIGN_IDENTITY = "iPhone Developer";
				COPY_PHASE_STRIP = NO;
				DEBUG_INFORMATION_FORMAT = "dwarf-with-dsym";
				ENABLE_NS_ASSERTIONS = NO;
				ENABLE_STRICT_OBJC_MSGSEND = YES;
				GCC_C_LANGUAGE_STANDARD = gnu11;
				GCC_NO_COMMON_BLOCKS = YES;
				GCC_WARN_64_TO_32_BIT_CONVERSION = YES;
				GCC_WARN_ABOUT_RETURN_TYPE = YES_ERROR;
				GCC_WARN_UNDECLARED_SELECTOR = YES;
				GCC_WARN_UNINITIALIZED_AUTOS = YES_AGGRESSIVE;
				GCC_WARN_UNUSED_FUNCTION = YES;
				GCC_WARN_UNUSED_VARIABLE = YES;
				IPHONEOS_DEPLOYMENT_TARGET = 13.0;
				MTL_ENABLE_DEBUG_INFO = NO;
				SDKROOT = iphoneos;
				SWIFT_COMPILATION_MODE = wholemodule;
				SWIFT_OPTIMIZATION_LEVEL = "-O";
				VALIDATE_PRODUCT = YES;
			};
			name = Release;
		};
		2CB51B0F202CDC96009C3B71 /* Debug */ = {
			isa = XCBuildConfiguration;
			buildSettings = {
				ASSETCATALOG_COMPILER_APPICON_NAME = AppIcon;
				CODE_SIGN_STYLE = Automatic;
				CURRENT_PROJECT_VERSION = 3;
				DEVELOPMENT_TEAM = LK54883DEN;
				FRAMEWORK_SEARCH_PATHS = (
					"$(inherited)",
					"$(PROJECT_DIR)/Carthage/Build/iOS",
				);
				INFOPLIST_FILE = OnPaperSoccer/Info.plist;
				IPHONEOS_DEPLOYMENT_TARGET = 13.0;
				LD_RUNPATH_SEARCH_PATHS = (
					"$(inherited)",
					"@executable_path/Frameworks",
				);
				MARKETING_VERSION = 1.02;
				PRODUCT_BUNDLE_IDENTIFIER = com.owly.onpapersoccer;
				PRODUCT_NAME = "Grid Soccer";
				SWIFT_VERSION = 5.0;
				TARGETED_DEVICE_FAMILY = "1,2";
			};
			name = Debug;
		};
		2CB51B10202CDC96009C3B71 /* Release */ = {
			isa = XCBuildConfiguration;
			buildSettings = {
				ASSETCATALOG_COMPILER_APPICON_NAME = AppIcon;
				CODE_SIGN_STYLE = Automatic;
				CURRENT_PROJECT_VERSION = 3;
				DEVELOPMENT_TEAM = LK54883DEN;
				FRAMEWORK_SEARCH_PATHS = (
					"$(inherited)",
					"$(PROJECT_DIR)/Carthage/Build/iOS",
				);
				INFOPLIST_FILE = OnPaperSoccer/Info.plist;
				IPHONEOS_DEPLOYMENT_TARGET = 13.0;
				LD_RUNPATH_SEARCH_PATHS = (
					"$(inherited)",
					"@executable_path/Frameworks",
				);
				MARKETING_VERSION = 1.02;
				PRODUCT_BUNDLE_IDENTIFIER = com.owly.onpapersoccer;
				PRODUCT_NAME = "Grid Soccer";
				SWIFT_VERSION = 5.0;
				TARGETED_DEVICE_FAMILY = "1,2";
			};
			name = Release;
		};
		2CB51B12202CDC96009C3B71 /* Debug */ = {
			isa = XCBuildConfiguration;
			buildSettings = {
				ALWAYS_EMBED_SWIFT_STANDARD_LIBRARIES = YES;
				BUNDLE_LOADER = "$(TEST_HOST)";
				CODE_SIGN_STYLE = Automatic;
				DEVELOPMENT_TEAM = TN3WPQAA2X;
				FRAMEWORK_SEARCH_PATHS = (
					"$(inherited)",
					"$(PROJECT_DIR)/Carthage/Build/iOS",
				);
				INFOPLIST_FILE = OnPaperSoccerTests/Info.plist;
				LD_RUNPATH_SEARCH_PATHS = (
					"$(inherited)",
					"@executable_path/Frameworks",
					"@loader_path/Frameworks",
				);
				PRODUCT_BUNDLE_IDENTIFIER = OwlyApps.OnPaperSoccerTests;
				PRODUCT_NAME = "$(TARGET_NAME)";
				SWIFT_VERSION = 5.0;
				TARGETED_DEVICE_FAMILY = "1,2";
				TEST_HOST = "$(BUILT_PRODUCTS_DIR)/OnPaperSoccer.app/OnPaperSoccer";
			};
			name = Debug;
		};
		2CB51B13202CDC96009C3B71 /* Release */ = {
			isa = XCBuildConfiguration;
			buildSettings = {
				ALWAYS_EMBED_SWIFT_STANDARD_LIBRARIES = YES;
				BUNDLE_LOADER = "$(TEST_HOST)";
				CODE_SIGN_STYLE = Automatic;
				DEVELOPMENT_TEAM = TN3WPQAA2X;
				FRAMEWORK_SEARCH_PATHS = (
					"$(inherited)",
					"$(PROJECT_DIR)/Carthage/Build/iOS",
				);
				INFOPLIST_FILE = OnPaperSoccerTests/Info.plist;
				LD_RUNPATH_SEARCH_PATHS = (
					"$(inherited)",
					"@executable_path/Frameworks",
					"@loader_path/Frameworks",
				);
				PRODUCT_BUNDLE_IDENTIFIER = OwlyApps.OnPaperSoccerTests;
				PRODUCT_NAME = "$(TARGET_NAME)";
				SWIFT_VERSION = 5.0;
				TARGETED_DEVICE_FAMILY = "1,2";
				TEST_HOST = "$(BUILT_PRODUCTS_DIR)/OnPaperSoccer.app/OnPaperSoccer";
			};
			name = Release;
		};
/* End XCBuildConfiguration section */

/* Begin XCConfigurationList section */
		2CB51AEC202CDC95009C3B71 /* Build configuration list for PBXProject "OnPaperSoccer" */ = {
			isa = XCConfigurationList;
			buildConfigurations = (
				2CB51B0C202CDC96009C3B71 /* Debug */,
				2CB51B0D202CDC96009C3B71 /* Release */,
			);
			defaultConfigurationIsVisible = 0;
			defaultConfigurationName = Release;
		};
		2CB51B0E202CDC96009C3B71 /* Build configuration list for PBXNativeTarget "OnPaperSoccer" */ = {
			isa = XCConfigurationList;
			buildConfigurations = (
				2CB51B0F202CDC96009C3B71 /* Debug */,
				2CB51B10202CDC96009C3B71 /* Release */,
			);
			defaultConfigurationIsVisible = 0;
			defaultConfigurationName = Release;
		};
		2CB51B11202CDC96009C3B71 /* Build configuration list for PBXNativeTarget "OnPaperSoccerTests" */ = {
			isa = XCConfigurationList;
			buildConfigurations = (
				2CB51B12202CDC96009C3B71 /* Debug */,
				2CB51B13202CDC96009C3B71 /* Release */,
			);
			defaultConfigurationIsVisible = 0;
			defaultConfigurationName = Release;
		};
/* End XCConfigurationList section */
	};
	rootObject = 2CB51AE9202CDC95009C3B71 /* Project object */;
}
