// !$*UTF8*$!
{
	archiveVersion = 1;
	classes = {
	};
	objectVersion = 48;
	objects = {

/* Begin PBXBuildFile section */
		2C2BDD4621874587009D48BC /* FieldView.swift in Sources */ = {isa = PBXBuildFile; fileRef = 2C2BDD4521874587009D48BC /* FieldView.swift */; };
		2C320B932178DBC800CDADF5 /* Point.swift in Sources */ = {isa = PBXBuildFile; fileRef = 2C320B922178DBC800CDADF5 /* Point.swift */; };
		2C320B952178DBE500CDADF5 /* Line.swift in Sources */ = {isa = PBXBuildFile; fileRef = 2C320B942178DBE500CDADF5 /* Line.swift */; };
		2C320B982178DD1E00CDADF5 /* FieldViewController.swift in Sources */ = {isa = PBXBuildFile; fileRef = 2C320B962178DD1E00CDADF5 /* FieldViewController.swift */; };
		2C320B992178DD1E00CDADF5 /* FieldViewController.xib in Resources */ = {isa = PBXBuildFile; fileRef = 2C320B972178DD1E00CDADF5 /* FieldViewController.xib */; };
		2C320B9F2178E2F600CDADF5 /* UIView+AddContentSubview.swift in Sources */ = {isa = PBXBuildFile; fileRef = 2C320B9E2178E2F600CDADF5 /* UIView+AddContentSubview.swift */; };
		2C320BA12178E32E00CDADF5 /* UIViewController+AddChildViewController.swift in Sources */ = {isa = PBXBuildFile; fileRef = 2C320BA02178E32E00CDADF5 /* UIViewController+AddChildViewController.swift */; };
		2C9A70A421BE615C00B801C9 /* MatchViewController.swift in Sources */ = {isa = PBXBuildFile; fileRef = 2C9A70A221BE615C00B801C9 /* MatchViewController.swift */; };
		2C9A70A521BE615C00B801C9 /* MatchViewController.xib in Resources */ = {isa = PBXBuildFile; fileRef = 2C9A70A321BE615C00B801C9 /* MatchViewController.xib */; };
		2C9A70A721BE747000B801C9 /* MovesValidator.swift in Sources */ = {isa = PBXBuildFile; fileRef = 2C9A70A621BE747000B801C9 /* MovesValidator.swift */; };
		2CB51AF5202CDC96009C3B71 /* AppDelegate.swift in Sources */ = {isa = PBXBuildFile; fileRef = 2CB51AF4202CDC96009C3B71 /* AppDelegate.swift */; };
		2CB51AFC202CDC96009C3B71 /* Assets.xcassets in Resources */ = {isa = PBXBuildFile; fileRef = 2CB51AFB202CDC96009C3B71 /* Assets.xcassets */; };
		2CB51AFF202CDC96009C3B71 /* LaunchScreen.storyboard in Resources */ = {isa = PBXBuildFile; fileRef = 2CB51AFD202CDC96009C3B71 /* LaunchScreen.storyboard */; };
		2DE7783BAEE9C6896C6DE789 /* Pods_OnPaperSoccer.framework in Frameworks */ = {isa = PBXBuildFile; fileRef = 27C997CA20A546BDB0661357 /* Pods_OnPaperSoccer.framework */; };
		9756ACC4D1309DCDA4E43A32 /* Pods_OnPaperSoccer_OnPaperSoccerTests.framework in Frameworks */ = {isa = PBXBuildFile; fileRef = 9B84FDFCEC62331B26D25449 /* Pods_OnPaperSoccer_OnPaperSoccerTests.framework */; };
		AA24B11F054EE5B762DC08E3 /* WithViewController.swift in Sources */ = {isa = PBXBuildFile; fileRef = AA24B25C83A75A67DF1244E5 /* WithViewController.swift */; };
		AA24B2F3C919EEC95E187E86 /* FieldViewControllerSpec.swift in Sources */ = {isa = PBXBuildFile; fileRef = AA24B13D18BFBF3DDCDC0F91 /* FieldViewControllerSpec.swift */; };
		AA24B4171DFA4220F577787F /* Point+Fixture.swift in Sources */ = {isa = PBXBuildFile; fileRef = AA24BC0B623729163EC253E7 /* Point+Fixture.swift */; };
		AA24B42B6DE4E267CAB7CFAD /* MovesViewControllerSpec.swift in Sources */ = {isa = PBXBuildFile; fileRef = AA24B4F322735060BBE4226E /* MovesViewControllerSpec.swift */; };
		AA24B4B4A793D3B2FF4D0D6E /* Player.swift in Sources */ = {isa = PBXBuildFile; fileRef = AA24BD2C9FBB272298F04DC4 /* Player.swift */; };
		AA24B4FFA5A98FA1002F8BE1 /* ControllersFactory.swift in Sources */ = {isa = PBXBuildFile; fileRef = AA24BCB1E19522BE044C014E /* ControllersFactory.swift */; };
		AA24B6302B864E0EE4257AA3 /* MatchViewControllerSpec.swift in Sources */ = {isa = PBXBuildFile; fileRef = AA24B240A48A18440B46E320 /* MatchViewControllerSpec.swift */; };
		AA24B696C655F461F39434E4 /* UIColor+Fixture.swift in Sources */ = {isa = PBXBuildFile; fileRef = AA24BB10F9C1929C5A53998D /* UIColor+Fixture.swift */; };
		AA24B7130118B052140EC799 /* PlayerTurnControllerSpec.swift in Sources */ = {isa = PBXBuildFile; fileRef = AA24B77DCFCFB2BA9F8CC272 /* PlayerTurnControllerSpec.swift */; };
		AA24B7F2356C873ECB235CBD /* UIButton+Specs.swift in Sources */ = {isa = PBXBuildFile; fileRef = AA24B1B708C98F1A574B73A2 /* UIButton+Specs.swift */; };
		AA24B801CF942F9DB6416223 /* Vector.swift in Sources */ = {isa = PBXBuildFile; fileRef = AA24B05A388611DD00323809 /* Vector.swift */; };
		AA24B896F14743827284DDCB /* Move.swift in Sources */ = {isa = PBXBuildFile; fileRef = AA24BEE8D0DE024FC81EBD3A /* Move.swift */; };
		AA24B8B08AD975D581E6AF56 /* MovesViewController.xib in Resources */ = {isa = PBXBuildFile; fileRef = AA24BA9C383BCEDACB8CD8E5 /* MovesViewController.xib */; };
		AA24B9D40713DEC4441E3456 /* CoreGraphics+Extensions.swift in Sources */ = {isa = PBXBuildFile; fileRef = AA24B10771B109B53597B92F /* CoreGraphics+Extensions.swift */; };
		AA24BB0EB5F03F92D472BEDA /* MovesViewController.swift in Sources */ = {isa = PBXBuildFile; fileRef = AA24B5092F1425DDB1948782 /* MovesViewController.swift */; };
		AA24BBD836740507532F5610 /* MovesValidatorSpec.swift in Sources */ = {isa = PBXBuildFile; fileRef = AA24B89C3CD561A829494264 /* MovesValidatorSpec.swift */; };
		AA24BE4D7DBC4D7FEB821CBC /* PlayerTurnController.swift in Sources */ = {isa = PBXBuildFile; fileRef = AA24B06D05D5533EA3B990A2 /* PlayerTurnController.swift */; };
/* End PBXBuildFile section */

/* Begin PBXContainerItemProxy section */
		2CB51B06202CDC96009C3B71 /* PBXContainerItemProxy */ = {
			isa = PBXContainerItemProxy;
			containerPortal = 2CB51AE9202CDC95009C3B71 /* Project object */;
			proxyType = 1;
			remoteGlobalIDString = 2CB51AF0202CDC95009C3B71;
			remoteInfo = OnPaperSoccer;
		};
/* End PBXContainerItemProxy section */

/* Begin PBXFileReference section */
		040D6B35AB64C4F38C776C43 /* Pods-OnPaperSoccer-OnPaperSoccerTests.release.xcconfig */ = {isa = PBXFileReference; includeInIndex = 1; lastKnownFileType = text.xcconfig; name = "Pods-OnPaperSoccer-OnPaperSoccerTests.release.xcconfig"; path = "Pods/Target Support Files/Pods-OnPaperSoccer-OnPaperSoccerTests/Pods-OnPaperSoccer-OnPaperSoccerTests.release.xcconfig"; sourceTree = "<group>"; };
		27C997CA20A546BDB0661357 /* Pods_OnPaperSoccer.framework */ = {isa = PBXFileReference; explicitFileType = wrapper.framework; includeInIndex = 0; path = Pods_OnPaperSoccer.framework; sourceTree = BUILT_PRODUCTS_DIR; };
		2C2BDD4521874587009D48BC /* FieldView.swift */ = {isa = PBXFileReference; lastKnownFileType = sourcecode.swift; path = FieldView.swift; sourceTree = "<group>"; };
		2C320B922178DBC800CDADF5 /* Point.swift */ = {isa = PBXFileReference; lastKnownFileType = sourcecode.swift; path = Point.swift; sourceTree = "<group>"; };
		2C320B942178DBE500CDADF5 /* Line.swift */ = {isa = PBXFileReference; lastKnownFileType = sourcecode.swift; path = Line.swift; sourceTree = "<group>"; };
		2C320B962178DD1E00CDADF5 /* FieldViewController.swift */ = {isa = PBXFileReference; lastKnownFileType = sourcecode.swift; path = FieldViewController.swift; sourceTree = "<group>"; };
		2C320B972178DD1E00CDADF5 /* FieldViewController.xib */ = {isa = PBXFileReference; lastKnownFileType = file.xib; path = FieldViewController.xib; sourceTree = "<group>"; };
		2C320B9E2178E2F600CDADF5 /* UIView+AddContentSubview.swift */ = {isa = PBXFileReference; lastKnownFileType = sourcecode.swift; path = "UIView+AddContentSubview.swift"; sourceTree = "<group>"; };
		2C320BA02178E32E00CDADF5 /* UIViewController+AddChildViewController.swift */ = {isa = PBXFileReference; lastKnownFileType = sourcecode.swift; path = "UIViewController+AddChildViewController.swift"; sourceTree = "<group>"; };
		2C9A70A221BE615C00B801C9 /* MatchViewController.swift */ = {isa = PBXFileReference; lastKnownFileType = sourcecode.swift; path = MatchViewController.swift; sourceTree = "<group>"; };
		2C9A70A321BE615C00B801C9 /* MatchViewController.xib */ = {isa = PBXFileReference; lastKnownFileType = file.xib; path = MatchViewController.xib; sourceTree = "<group>"; };
		2C9A70A621BE747000B801C9 /* MovesValidator.swift */ = {isa = PBXFileReference; lastKnownFileType = sourcecode.swift; path = MovesValidator.swift; sourceTree = "<group>"; };
		2CB51AF1202CDC96009C3B71 /* OnPaperSoccer.app */ = {isa = PBXFileReference; explicitFileType = wrapper.application; includeInIndex = 0; path = OnPaperSoccer.app; sourceTree = BUILT_PRODUCTS_DIR; };
		2CB51AF4202CDC96009C3B71 /* AppDelegate.swift */ = {isa = PBXFileReference; lastKnownFileType = sourcecode.swift; path = AppDelegate.swift; sourceTree = "<group>"; };
		2CB51AFB202CDC96009C3B71 /* Assets.xcassets */ = {isa = PBXFileReference; lastKnownFileType = folder.assetcatalog; path = Assets.xcassets; sourceTree = "<group>"; };
		2CB51AFE202CDC96009C3B71 /* Base */ = {isa = PBXFileReference; lastKnownFileType = file.storyboard; name = Base; path = Base.lproj/LaunchScreen.storyboard; sourceTree = "<group>"; };
		2CB51B00202CDC96009C3B71 /* Info.plist */ = {isa = PBXFileReference; lastKnownFileType = text.plist.xml; path = Info.plist; sourceTree = "<group>"; };
		2CB51B05202CDC96009C3B71 /* OnPaperSoccerTests.xctest */ = {isa = PBXFileReference; explicitFileType = wrapper.cfbundle; includeInIndex = 0; path = OnPaperSoccerTests.xctest; sourceTree = BUILT_PRODUCTS_DIR; };
		2CB51B0B202CDC96009C3B71 /* Info.plist */ = {isa = PBXFileReference; lastKnownFileType = text.plist.xml; path = Info.plist; sourceTree = "<group>"; };
		9B84FDFCEC62331B26D25449 /* Pods_OnPaperSoccer_OnPaperSoccerTests.framework */ = {isa = PBXFileReference; explicitFileType = wrapper.framework; includeInIndex = 0; path = Pods_OnPaperSoccer_OnPaperSoccerTests.framework; sourceTree = BUILT_PRODUCTS_DIR; };
		AA24B05A388611DD00323809 /* Vector.swift */ = {isa = PBXFileReference; fileEncoding = 4; lastKnownFileType = sourcecode.swift; path = Vector.swift; sourceTree = "<group>"; };
		AA24B06D05D5533EA3B990A2 /* PlayerTurnController.swift */ = {isa = PBXFileReference; fileEncoding = 4; lastKnownFileType = sourcecode.swift; path = PlayerTurnController.swift; sourceTree = "<group>"; };
		AA24B10771B109B53597B92F /* CoreGraphics+Extensions.swift */ = {isa = PBXFileReference; fileEncoding = 4; lastKnownFileType = sourcecode.swift; path = "CoreGraphics+Extensions.swift"; sourceTree = "<group>"; };
		AA24B13D18BFBF3DDCDC0F91 /* FieldViewControllerSpec.swift */ = {isa = PBXFileReference; fileEncoding = 4; lastKnownFileType = sourcecode.swift; path = FieldViewControllerSpec.swift; sourceTree = "<group>"; };
		AA24B1B708C98F1A574B73A2 /* UIButton+Specs.swift */ = {isa = PBXFileReference; fileEncoding = 4; lastKnownFileType = sourcecode.swift; path = "UIButton+Specs.swift"; sourceTree = "<group>"; };
		AA24B240A48A18440B46E320 /* MatchViewControllerSpec.swift */ = {isa = PBXFileReference; fileEncoding = 4; lastKnownFileType = sourcecode.swift; path = MatchViewControllerSpec.swift; sourceTree = "<group>"; };
		AA24B25C83A75A67DF1244E5 /* WithViewController.swift */ = {isa = PBXFileReference; fileEncoding = 4; lastKnownFileType = sourcecode.swift; path = WithViewController.swift; sourceTree = "<group>"; };
		AA24B4F322735060BBE4226E /* MovesViewControllerSpec.swift */ = {isa = PBXFileReference; fileEncoding = 4; lastKnownFileType = sourcecode.swift; path = MovesViewControllerSpec.swift; sourceTree = "<group>"; };
		AA24B5092F1425DDB1948782 /* MovesViewController.swift */ = {isa = PBXFileReference; fileEncoding = 4; lastKnownFileType = sourcecode.swift; path = MovesViewController.swift; sourceTree = "<group>"; };
		AA24B77DCFCFB2BA9F8CC272 /* PlayerTurnControllerSpec.swift */ = {isa = PBXFileReference; fileEncoding = 4; lastKnownFileType = sourcecode.swift; path = PlayerTurnControllerSpec.swift; sourceTree = "<group>"; };
		AA24B89C3CD561A829494264 /* MovesValidatorSpec.swift */ = {isa = PBXFileReference; fileEncoding = 4; lastKnownFileType = sourcecode.swift; path = MovesValidatorSpec.swift; sourceTree = "<group>"; };
		AA24BA9C383BCEDACB8CD8E5 /* MovesViewController.xib */ = {isa = PBXFileReference; lastKnownFileType = file.xib; path = MovesViewController.xib; sourceTree = "<group>"; };
		AA24BB10F9C1929C5A53998D /* UIColor+Fixture.swift */ = {isa = PBXFileReference; fileEncoding = 4; lastKnownFileType = sourcecode.swift; path = "UIColor+Fixture.swift"; sourceTree = "<group>"; };
		AA24BC0B623729163EC253E7 /* Point+Fixture.swift */ = {isa = PBXFileReference; fileEncoding = 4; lastKnownFileType = sourcecode.swift; path = "Point+Fixture.swift"; sourceTree = "<group>"; };
		AA24BCB1E19522BE044C014E /* ControllersFactory.swift */ = {isa = PBXFileReference; fileEncoding = 4; lastKnownFileType = sourcecode.swift; path = ControllersFactory.swift; sourceTree = "<group>"; };
		AA24BD2C9FBB272298F04DC4 /* Player.swift */ = {isa = PBXFileReference; fileEncoding = 4; lastKnownFileType = sourcecode.swift; path = Player.swift; sourceTree = "<group>"; };
		AA24BEE8D0DE024FC81EBD3A /* Move.swift */ = {isa = PBXFileReference; fileEncoding = 4; lastKnownFileType = sourcecode.swift; path = Move.swift; sourceTree = "<group>"; };
		C3CFDFF8E1AEE55F84192E36 /* Pods-OnPaperSoccer-OnPaperSoccerTests.debug.xcconfig */ = {isa = PBXFileReference; includeInIndex = 1; lastKnownFileType = text.xcconfig; name = "Pods-OnPaperSoccer-OnPaperSoccerTests.debug.xcconfig"; path = "Pods/Target Support Files/Pods-OnPaperSoccer-OnPaperSoccerTests/Pods-OnPaperSoccer-OnPaperSoccerTests.debug.xcconfig"; sourceTree = "<group>"; };
		CA66CA537D937603362FBED7 /* Pods-OnPaperSoccer.debug.xcconfig */ = {isa = PBXFileReference; includeInIndex = 1; lastKnownFileType = text.xcconfig; name = "Pods-OnPaperSoccer.debug.xcconfig"; path = "Pods/Target Support Files/Pods-OnPaperSoccer/Pods-OnPaperSoccer.debug.xcconfig"; sourceTree = "<group>"; };
		F1287B65CACC13F62FA27AC4 /* Pods-OnPaperSoccer.release.xcconfig */ = {isa = PBXFileReference; includeInIndex = 1; lastKnownFileType = text.xcconfig; name = "Pods-OnPaperSoccer.release.xcconfig"; path = "Pods/Target Support Files/Pods-OnPaperSoccer/Pods-OnPaperSoccer.release.xcconfig"; sourceTree = "<group>"; };
/* End PBXFileReference section */

/* Begin PBXFrameworksBuildPhase section */
		2CB51AEE202CDC95009C3B71 /* Frameworks */ = {
			isa = PBXFrameworksBuildPhase;
			buildActionMask = 2147483647;
			files = (
				2DE7783BAEE9C6896C6DE789 /* Pods_OnPaperSoccer.framework in Frameworks */,
			);
			runOnlyForDeploymentPostprocessing = 0;
		};
		2CB51B02202CDC96009C3B71 /* Frameworks */ = {
			isa = PBXFrameworksBuildPhase;
			buildActionMask = 2147483647;
			files = (
				9756ACC4D1309DCDA4E43A32 /* Pods_OnPaperSoccer_OnPaperSoccerTests.framework in Frameworks */,
			);
			runOnlyForDeploymentPostprocessing = 0;
		};
/* End PBXFrameworksBuildPhase section */

/* Begin PBXGroup section */
		10E1D3514C0C10ADD8B61CC5 /* Pods */ = {
			isa = PBXGroup;
			children = (
				CA66CA537D937603362FBED7 /* Pods-OnPaperSoccer.debug.xcconfig */,
				F1287B65CACC13F62FA27AC4 /* Pods-OnPaperSoccer.release.xcconfig */,
				C3CFDFF8E1AEE55F84192E36 /* Pods-OnPaperSoccer-OnPaperSoccerTests.debug.xcconfig */,
				040D6B35AB64C4F38C776C43 /* Pods-OnPaperSoccer-OnPaperSoccerTests.release.xcconfig */,
			);
			name = Pods;
			sourceTree = "<group>";
		};
		2C320B912178DBBF00CDADF5 /* Data */ = {
			isa = PBXGroup;
			children = (
				2C320B922178DBC800CDADF5 /* Point.swift */,
				2C320B942178DBE500CDADF5 /* Line.swift */,
				AA24B05A388611DD00323809 /* Vector.swift */,
				AA24BEE8D0DE024FC81EBD3A /* Move.swift */,
				AA24BD2C9FBB272298F04DC4 /* Player.swift */,
			);
			path = Data;
			sourceTree = "<group>";
		};
		2C320B9C2178E2D500CDADF5 /* Helpers */ = {
			isa = PBXGroup;
			children = (
				2C320B9D2178E2DC00CDADF5 /* Extensions */,
				AA24B25C83A75A67DF1244E5 /* WithViewController.swift */,
				2C9A70A621BE747000B801C9 /* MovesValidator.swift */,
				AA24B89C3CD561A829494264 /* MovesValidatorSpec.swift */,
				AA24BCB1E19522BE044C014E /* ControllersFactory.swift */,
				AA24B06D05D5533EA3B990A2 /* PlayerTurnController.swift */,
				AA24B77DCFCFB2BA9F8CC272 /* PlayerTurnControllerSpec.swift */,
			);
			path = Helpers;
			sourceTree = "<group>";
		};
		2C320B9D2178E2DC00CDADF5 /* Extensions */ = {
			isa = PBXGroup;
			children = (
				2C320B9E2178E2F600CDADF5 /* UIView+AddContentSubview.swift */,
				2C320BA02178E32E00CDADF5 /* UIViewController+AddChildViewController.swift */,
				AA24B10771B109B53597B92F /* CoreGraphics+Extensions.swift */,
			);
			path = Extensions;
			sourceTree = "<group>";
		};
		2C9A70A121BE608900B801C9 /* Moving */ = {
			isa = PBXGroup;
			children = (
				AA24B5092F1425DDB1948782 /* MovesViewController.swift */,
				AA24BA9C383BCEDACB8CD8E5 /* MovesViewController.xib */,
				AA24B4F322735060BBE4226E /* MovesViewControllerSpec.swift */,
			);
			path = Moving;
			sourceTree = "<group>";
		};
		2CB51AE8202CDC95009C3B71 = {
			isa = PBXGroup;
			children = (
				2CB51AF3202CDC96009C3B71 /* OnPaperSoccer */,
				2CB51B08202CDC96009C3B71 /* OnPaperSoccerTests */,
				2CB51AF2202CDC96009C3B71 /* Products */,
				10E1D3514C0C10ADD8B61CC5 /* Pods */,
				6B7F3ED2EA6208B16576E814 /* Frameworks */,
			);
			sourceTree = "<group>";
		};
		2CB51AF2202CDC96009C3B71 /* Products */ = {
			isa = PBXGroup;
			children = (
				2CB51AF1202CDC96009C3B71 /* OnPaperSoccer.app */,
				2CB51B05202CDC96009C3B71 /* OnPaperSoccerTests.xctest */,
			);
			name = Products;
			sourceTree = "<group>";
		};
		2CB51AF3202CDC96009C3B71 /* OnPaperSoccer */ = {
			isa = PBXGroup;
			children = (
				2C320B9C2178E2D500CDADF5 /* Helpers */,
				2C320B912178DBBF00CDADF5 /* Data */,
				2CB51B14202CEB3C009C3B71 /* Modules */,
				2CB51AF4202CDC96009C3B71 /* AppDelegate.swift */,
				2CB51AFB202CDC96009C3B71 /* Assets.xcassets */,
				2CB51AFD202CDC96009C3B71 /* LaunchScreen.storyboard */,
				2CB51B00202CDC96009C3B71 /* Info.plist */,
			);
			path = OnPaperSoccer;
			sourceTree = "<group>";
		};
		2CB51B08202CDC96009C3B71 /* OnPaperSoccerTests */ = {
			isa = PBXGroup;
			children = (
				2CB51B0B202CDC96009C3B71 /* Info.plist */,
				AA24BCC82FC7DBC8BBDE68DE /* Extensions */,
				AA24B58367C689F90EE2E72A /* Fixtures */,
			);
			path = OnPaperSoccerTests;
			sourceTree = "<group>";
		};
		2CB51B14202CEB3C009C3B71 /* Modules */ = {
			isa = PBXGroup;
			children = (
				2CB51B1A202CF91F009C3B71 /* Match */,
			);
			path = Modules;
			sourceTree = "<group>";
		};
		2CB51B1A202CF91F009C3B71 /* Match */ = {
			isa = PBXGroup;
			children = (
				2C9A70A121BE608900B801C9 /* Moving */,
				AA24BCA3D2362B6FDA99C1B5 /* Field */,
				2C9A70A221BE615C00B801C9 /* MatchViewController.swift */,
				2C9A70A321BE615C00B801C9 /* MatchViewController.xib */,
				AA24B240A48A18440B46E320 /* MatchViewControllerSpec.swift */,
			);
			path = Match;
			sourceTree = "<group>";
		};
		6B7F3ED2EA6208B16576E814 /* Frameworks */ = {
			isa = PBXGroup;
			children = (
				27C997CA20A546BDB0661357 /* Pods_OnPaperSoccer.framework */,
				9B84FDFCEC62331B26D25449 /* Pods_OnPaperSoccer_OnPaperSoccerTests.framework */,
			);
			name = Frameworks;
			sourceTree = "<group>";
		};
		AA24B58367C689F90EE2E72A /* Fixtures */ = {
			isa = PBXGroup;
			children = (
				AA24BC0B623729163EC253E7 /* Point+Fixture.swift */,
				AA24BB10F9C1929C5A53998D /* UIColor+Fixture.swift */,
			);
			path = Fixtures;
			sourceTree = "<group>";
		};
		AA24BCA3D2362B6FDA99C1B5 /* Field */ = {
			isa = PBXGroup;
			children = (
				2C320B962178DD1E00CDADF5 /* FieldViewController.swift */,
				2C320B972178DD1E00CDADF5 /* FieldViewController.xib */,
				AA24B13D18BFBF3DDCDC0F91 /* FieldViewControllerSpec.swift */,
				2C2BDD4521874587009D48BC /* FieldView.swift */,
			);
			path = Field;
			sourceTree = "<group>";
		};
		AA24BCC82FC7DBC8BBDE68DE /* Extensions */ = {
			isa = PBXGroup;
			children = (
				AA24B1B708C98F1A574B73A2 /* UIButton+Specs.swift */,
			);
			path = Extensions;
			sourceTree = "<group>";
		};
/* End PBXGroup section */

/* Begin PBXNativeTarget section */
		2CB51AF0202CDC95009C3B71 /* OnPaperSoccer */ = {
			isa = PBXNativeTarget;
			buildConfigurationList = 2CB51B0E202CDC96009C3B71 /* Build configuration list for PBXNativeTarget "OnPaperSoccer" */;
			buildPhases = (
				DCAD1F4DA6BA30E586A9A57C /* [CP] Check Pods Manifest.lock */,
				2CB51AED202CDC95009C3B71 /* Sources */,
				2CB51AEE202CDC95009C3B71 /* Frameworks */,
				2CB51AEF202CDC95009C3B71 /* Resources */,
				2F69341882CEE0E503D527AA /* [CP] Embed Pods Frameworks */,
			);
			buildRules = (
			);
			dependencies = (
			);
			name = OnPaperSoccer;
			productName = OnPaperSoccer;
			productReference = 2CB51AF1202CDC96009C3B71 /* OnPaperSoccer.app */;
			productType = "com.apple.product-type.application";
		};
		2CB51B04202CDC96009C3B71 /* OnPaperSoccerTests */ = {
			isa = PBXNativeTarget;
			buildConfigurationList = 2CB51B11202CDC96009C3B71 /* Build configuration list for PBXNativeTarget "OnPaperSoccerTests" */;
			buildPhases = (
				4B86497C4A3B0264B46CBAA4 /* [CP] Check Pods Manifest.lock */,
				2CB51B01202CDC96009C3B71 /* Sources */,
				2CB51B02202CDC96009C3B71 /* Frameworks */,
				2CB51B03202CDC96009C3B71 /* Resources */,
				FFEFA3CF7DC9C3B84CE14779 /* [CP] Embed Pods Frameworks */,
			);
			buildRules = (
			);
			dependencies = (
				2CB51B07202CDC96009C3B71 /* PBXTargetDependency */,
			);
			name = OnPaperSoccerTests;
			productName = OnPaperSoccerTests;
			productReference = 2CB51B05202CDC96009C3B71 /* OnPaperSoccerTests.xctest */;
			productType = "com.apple.product-type.bundle.unit-test";
		};
/* End PBXNativeTarget section */

/* Begin PBXProject section */
		2CB51AE9202CDC95009C3B71 /* Project object */ = {
			isa = PBXProject;
			attributes = {
				LastSwiftUpdateCheck = 0920;
				LastUpgradeCheck = 0920;
				ORGANIZATIONNAME = com.owlyapps.onPaperSoccer;
				TargetAttributes = {
					2CB51AF0202CDC95009C3B71 = {
						CreatedOnToolsVersion = 9.2;
						ProvisioningStyle = Automatic;
					};
					2CB51B04202CDC96009C3B71 = {
						CreatedOnToolsVersion = 9.2;
						ProvisioningStyle = Automatic;
						TestTargetID = 2CB51AF0202CDC95009C3B71;
					};
				};
			};
			buildConfigurationList = 2CB51AEC202CDC95009C3B71 /* Build configuration list for PBXProject "OnPaperSoccer" */;
			compatibilityVersion = "Xcode 8.0";
			developmentRegion = en;
			hasScannedForEncodings = 0;
			knownRegions = (
				en,
				Base,
			);
			mainGroup = 2CB51AE8202CDC95009C3B71;
			productRefGroup = 2CB51AF2202CDC96009C3B71 /* Products */;
			projectDirPath = "";
			projectRoot = "";
			targets = (
				2CB51AF0202CDC95009C3B71 /* OnPaperSoccer */,
				2CB51B04202CDC96009C3B71 /* OnPaperSoccerTests */,
			);
		};
/* End PBXProject section */

/* Begin PBXResourcesBuildPhase section */
		2CB51AEF202CDC95009C3B71 /* Resources */ = {
			isa = PBXResourcesBuildPhase;
			buildActionMask = 2147483647;
			files = (
				2CB51AFF202CDC96009C3B71 /* LaunchScreen.storyboard in Resources */,
				2CB51AFC202CDC96009C3B71 /* Assets.xcassets in Resources */,
				2C9A70A521BE615C00B801C9 /* MatchViewController.xib in Resources */,
				2C320B992178DD1E00CDADF5 /* FieldViewController.xib in Resources */,
				AA24B8B08AD975D581E6AF56 /* MovesViewController.xib in Resources */,
			);
			runOnlyForDeploymentPostprocessing = 0;
		};
		2CB51B03202CDC96009C3B71 /* Resources */ = {
			isa = PBXResourcesBuildPhase;
			buildActionMask = 2147483647;
			files = (
			);
			runOnlyForDeploymentPostprocessing = 0;
		};
/* End PBXResourcesBuildPhase section */

/* Begin PBXShellScriptBuildPhase section */
		2F69341882CEE0E503D527AA /* [CP] Embed Pods Frameworks */ = {
			isa = PBXShellScriptBuildPhase;
			buildActionMask = 2147483647;
			files = (
			);
			inputPaths = (
				"${SRCROOT}/Pods/Target Support Files/Pods-OnPaperSoccer/Pods-OnPaperSoccer-frameworks.sh",
				"${BUILT_PRODUCTS_DIR}/RxCocoa/RxCocoa.framework",
				"${BUILT_PRODUCTS_DIR}/RxSwift/RxSwift.framework",
			);
			name = "[CP] Embed Pods Frameworks";
			outputPaths = (
				"${TARGET_BUILD_DIR}/${FRAMEWORKS_FOLDER_PATH}/RxCocoa.framework",
				"${TARGET_BUILD_DIR}/${FRAMEWORKS_FOLDER_PATH}/RxSwift.framework",
			);
			runOnlyForDeploymentPostprocessing = 0;
			shellPath = /bin/sh;
			shellScript = "\"${SRCROOT}/Pods/Target Support Files/Pods-OnPaperSoccer/Pods-OnPaperSoccer-frameworks.sh\"\n";
			showEnvVarsInLog = 0;
		};
		4B86497C4A3B0264B46CBAA4 /* [CP] Check Pods Manifest.lock */ = {
			isa = PBXShellScriptBuildPhase;
			buildActionMask = 2147483647;
			files = (
			);
			inputPaths = (
				"${PODS_PODFILE_DIR_PATH}/Podfile.lock",
				"${PODS_ROOT}/Manifest.lock",
			);
			name = "[CP] Check Pods Manifest.lock";
			outputPaths = (
				"$(DERIVED_FILE_DIR)/Pods-OnPaperSoccer-OnPaperSoccerTests-checkManifestLockResult.txt",
			);
			runOnlyForDeploymentPostprocessing = 0;
			shellPath = /bin/sh;
			shellScript = "diff \"${PODS_PODFILE_DIR_PATH}/Podfile.lock\" \"${PODS_ROOT}/Manifest.lock\" > /dev/null\nif [ $? != 0 ] ; then\n    # print error to STDERR\n    echo \"error: The sandbox is not in sync with the Podfile.lock. Run 'pod install' or update your CocoaPods installation.\" >&2\n    exit 1\nfi\n# This output is used by Xcode 'outputs' to avoid re-running this script phase.\necho \"SUCCESS\" > \"${SCRIPT_OUTPUT_FILE_0}\"\n";
			showEnvVarsInLog = 0;
		};
		DCAD1F4DA6BA30E586A9A57C /* [CP] Check Pods Manifest.lock */ = {
			isa = PBXShellScriptBuildPhase;
			buildActionMask = 2147483647;
			files = (
			);
			inputPaths = (
				"${PODS_PODFILE_DIR_PATH}/Podfile.lock",
				"${PODS_ROOT}/Manifest.lock",
			);
			name = "[CP] Check Pods Manifest.lock";
			outputPaths = (
				"$(DERIVED_FILE_DIR)/Pods-OnPaperSoccer-checkManifestLockResult.txt",
			);
			runOnlyForDeploymentPostprocessing = 0;
			shellPath = /bin/sh;
			shellScript = "diff \"${PODS_PODFILE_DIR_PATH}/Podfile.lock\" \"${PODS_ROOT}/Manifest.lock\" > /dev/null\nif [ $? != 0 ] ; then\n    # print error to STDERR\n    echo \"error: The sandbox is not in sync with the Podfile.lock. Run 'pod install' or update your CocoaPods installation.\" >&2\n    exit 1\nfi\n# This output is used by Xcode 'outputs' to avoid re-running this script phase.\necho \"SUCCESS\" > \"${SCRIPT_OUTPUT_FILE_0}\"\n";
			showEnvVarsInLog = 0;
		};
		FFEFA3CF7DC9C3B84CE14779 /* [CP] Embed Pods Frameworks */ = {
			isa = PBXShellScriptBuildPhase;
			buildActionMask = 2147483647;
			files = (
			);
			inputPaths = (
				"${SRCROOT}/Pods/Target Support Files/Pods-OnPaperSoccer-OnPaperSoccerTests/Pods-OnPaperSoccer-OnPaperSoccerTests-frameworks.sh",
				"${BUILT_PRODUCTS_DIR}/RxCocoa/RxCocoa.framework",
				"${BUILT_PRODUCTS_DIR}/RxSwift/RxSwift.framework",
				"${BUILT_PRODUCTS_DIR}/Nimble/Nimble.framework",
				"${BUILT_PRODUCTS_DIR}/Nimble-Snapshots/Nimble_Snapshots.framework",
				"${BUILT_PRODUCTS_DIR}/Quick/Quick.framework",
				"${BUILT_PRODUCTS_DIR}/RxAtomic/RxAtomic.framework",
				"${BUILT_PRODUCTS_DIR}/RxTest/RxTest.framework",
				"${BUILT_PRODUCTS_DIR}/iOSSnapshotTestCase/FBSnapshotTestCase.framework",
			);
			name = "[CP] Embed Pods Frameworks";
			outputPaths = (
				"${TARGET_BUILD_DIR}/${FRAMEWORKS_FOLDER_PATH}/RxCocoa.framework",
				"${TARGET_BUILD_DIR}/${FRAMEWORKS_FOLDER_PATH}/RxSwift.framework",
				"${TARGET_BUILD_DIR}/${FRAMEWORKS_FOLDER_PATH}/Nimble.framework",
				"${TARGET_BUILD_DIR}/${FRAMEWORKS_FOLDER_PATH}/Nimble_Snapshots.framework",
				"${TARGET_BUILD_DIR}/${FRAMEWORKS_FOLDER_PATH}/Quick.framework",
				"${TARGET_BUILD_DIR}/${FRAMEWORKS_FOLDER_PATH}/RxAtomic.framework",
				"${TARGET_BUILD_DIR}/${FRAMEWORKS_FOLDER_PATH}/RxTest.framework",
				"${TARGET_BUILD_DIR}/${FRAMEWORKS_FOLDER_PATH}/FBSnapshotTestCase.framework",
			);
			runOnlyForDeploymentPostprocessing = 0;
			shellPath = /bin/sh;
			shellScript = "\"${SRCROOT}/Pods/Target Support Files/Pods-OnPaperSoccer-OnPaperSoccerTests/Pods-OnPaperSoccer-OnPaperSoccerTests-frameworks.sh\"\n";
			showEnvVarsInLog = 0;
		};
/* End PBXShellScriptBuildPhase section */

/* Begin PBXSourcesBuildPhase section */
		2CB51AED202CDC95009C3B71 /* Sources */ = {
			isa = PBXSourcesBuildPhase;
			buildActionMask = 2147483647;
			files = (
				2C320BA12178E32E00CDADF5 /* UIViewController+AddChildViewController.swift in Sources */,
				2C2BDD4621874587009D48BC /* FieldView.swift in Sources */,
				2C320B9F2178E2F600CDADF5 /* UIView+AddContentSubview.swift in Sources */,
				2C320B932178DBC800CDADF5 /* Point.swift in Sources */,
				2C9A70A421BE615C00B801C9 /* MatchViewController.swift in Sources */,
				2CB51AF5202CDC96009C3B71 /* AppDelegate.swift in Sources */,
				2C320B952178DBE500CDADF5 /* Line.swift in Sources */,
				2C320B982178DD1E00CDADF5 /* FieldViewController.swift in Sources */,
				2C9A70A721BE747000B801C9 /* MovesValidator.swift in Sources */,
				AA24B9D40713DEC4441E3456 /* CoreGraphics+Extensions.swift in Sources */,
				AA24BB0EB5F03F92D472BEDA /* MovesViewController.swift in Sources */,
				AA24B11F054EE5B762DC08E3 /* WithViewController.swift in Sources */,
				AA24B801CF942F9DB6416223 /* Vector.swift in Sources */,
				AA24B4FFA5A98FA1002F8BE1 /* ControllersFactory.swift in Sources */,
				AA24B896F14743827284DDCB /* Move.swift in Sources */,
				AA24BE4D7DBC4D7FEB821CBC /* PlayerTurnController.swift in Sources */,
				AA24B4B4A793D3B2FF4D0D6E /* Player.swift in Sources */,
			);
			runOnlyForDeploymentPostprocessing = 0;
		};
		2CB51B01202CDC96009C3B71 /* Sources */ = {
			isa = PBXSourcesBuildPhase;
			buildActionMask = 2147483647;
			files = (
				AA24B7F2356C873ECB235CBD /* UIButton+Specs.swift in Sources */,
				AA24B2F3C919EEC95E187E86 /* FieldViewControllerSpec.swift in Sources */,
				AA24B42B6DE4E267CAB7CFAD /* MovesViewControllerSpec.swift in Sources */,
				AA24B6302B864E0EE4257AA3 /* MatchViewControllerSpec.swift in Sources */,
				AA24BBD836740507532F5610 /* MovesValidatorSpec.swift in Sources */,
				AA24B4171DFA4220F577787F /* Point+Fixture.swift in Sources */,
				AA24B7130118B052140EC799 /* PlayerTurnControllerSpec.swift in Sources */,
				AA24B696C655F461F39434E4 /* UIColor+Fixture.swift in Sources */,
			);
			runOnlyForDeploymentPostprocessing = 0;
		};
/* End PBXSourcesBuildPhase section */

/* Begin PBXTargetDependency section */
		2CB51B07202CDC96009C3B71 /* PBXTargetDependency */ = {
			isa = PBXTargetDependency;
			target = 2CB51AF0202CDC95009C3B71 /* OnPaperSoccer */;
			targetProxy = 2CB51B06202CDC96009C3B71 /* PBXContainerItemProxy */;
		};
/* End PBXTargetDependency section */

/* Begin PBXVariantGroup section */
		2CB51AFD202CDC96009C3B71 /* LaunchScreen.storyboard */ = {
			isa = PBXVariantGroup;
			children = (
				2CB51AFE202CDC96009C3B71 /* Base */,
			);
			name = LaunchScreen.storyboard;
			sourceTree = "<group>";
		};
/* End PBXVariantGroup section */

/* Begin XCBuildConfiguration section */
		2CB51B0C202CDC96009C3B71 /* Debug */ = {
			isa = XCBuildConfiguration;
			buildSettings = {
				ALWAYS_SEARCH_USER_PATHS = NO;
				CLANG_ANALYZER_NONNULL = YES;
				CLANG_ANALYZER_NUMBER_OBJECT_CONVERSION = YES_AGGRESSIVE;
				CLANG_CXX_LANGUAGE_STANDARD = "gnu++14";
				CLANG_CXX_LIBRARY = "libc++";
				CLANG_ENABLE_MODULES = YES;
				CLANG_ENABLE_OBJC_ARC = YES;
				CLANG_WARN_BLOCK_CAPTURE_AUTORELEASING = YES;
				CLANG_WARN_BOOL_CONVERSION = YES;
				CLANG_WARN_COMMA = YES;
				CLANG_WARN_CONSTANT_CONVERSION = YES;
				CLANG_WARN_DIRECT_OBJC_ISA_USAGE = YES_ERROR;
				CLANG_WARN_DOCUMENTATION_COMMENTS = YES;
				CLANG_WARN_EMPTY_BODY = YES;
				CLANG_WARN_ENUM_CONVERSION = YES;
				CLANG_WARN_INFINITE_RECURSION = YES;
				CLANG_WARN_INT_CONVERSION = YES;
				CLANG_WARN_NON_LITERAL_NULL_CONVERSION = YES;
				CLANG_WARN_OBJC_LITERAL_CONVERSION = YES;
				CLANG_WARN_OBJC_ROOT_CLASS = YES_ERROR;
				CLANG_WARN_RANGE_LOOP_ANALYSIS = YES;
				CLANG_WARN_STRICT_PROTOTYPES = YES;
				CLANG_WARN_SUSPICIOUS_MOVE = YES;
				CLANG_WARN_UNGUARDED_AVAILABILITY = YES_AGGRESSIVE;
				CLANG_WARN_UNREACHABLE_CODE = YES;
				CLANG_WARN__DUPLICATE_METHOD_MATCH = YES;
				CODE_SIGN_IDENTITY = "iPhone Developer";
				COPY_PHASE_STRIP = NO;
				DEBUG_INFORMATION_FORMAT = dwarf;
				ENABLE_STRICT_OBJC_MSGSEND = YES;
				ENABLE_TESTABILITY = YES;
				GCC_C_LANGUAGE_STANDARD = gnu11;
				GCC_DYNAMIC_NO_PIC = NO;
				GCC_NO_COMMON_BLOCKS = YES;
				GCC_OPTIMIZATION_LEVEL = 0;
				GCC_PREPROCESSOR_DEFINITIONS = (
					"DEBUG=1",
					"$(inherited)",
				);
				GCC_WARN_64_TO_32_BIT_CONVERSION = YES;
				GCC_WARN_ABOUT_RETURN_TYPE = YES_ERROR;
				GCC_WARN_UNDECLARED_SELECTOR = YES;
				GCC_WARN_UNINITIALIZED_AUTOS = YES_AGGRESSIVE;
				GCC_WARN_UNUSED_FUNCTION = YES;
				GCC_WARN_UNUSED_VARIABLE = YES;
				IPHONEOS_DEPLOYMENT_TARGET = 11.2;
				MTL_ENABLE_DEBUG_INFO = YES;
				ONLY_ACTIVE_ARCH = YES;
				SDKROOT = iphoneos;
				SWIFT_ACTIVE_COMPILATION_CONDITIONS = DEBUG;
				SWIFT_OPTIMIZATION_LEVEL = "-Onone";
			};
			name = Debug;
		};
		2CB51B0D202CDC96009C3B71 /* Release */ = {
			isa = XCBuildConfiguration;
			buildSettings = {
				ALWAYS_SEARCH_USER_PATHS = NO;
				CLANG_ANALYZER_NONNULL = YES;
				CLANG_ANALYZER_NUMBER_OBJECT_CONVERSION = YES_AGGRESSIVE;
				CLANG_CXX_LANGUAGE_STANDARD = "gnu++14";
				CLANG_CXX_LIBRARY = "libc++";
				CLANG_ENABLE_MODULES = YES;
				CLANG_ENABLE_OBJC_ARC = YES;
				CLANG_WARN_BLOCK_CAPTURE_AUTORELEASING = YES;
				CLANG_WARN_BOOL_CONVERSION = YES;
				CLANG_WARN_COMMA = YES;
				CLANG_WARN_CONSTANT_CONVERSION = YES;
				CLANG_WARN_DIRECT_OBJC_ISA_USAGE = YES_ERROR;
				CLANG_WARN_DOCUMENTATION_COMMENTS = YES;
				CLANG_WARN_EMPTY_BODY = YES;
				CLANG_WARN_ENUM_CONVERSION = YES;
				CLANG_WARN_INFINITE_RECURSION = YES;
				CLANG_WARN_INT_CONVERSION = YES;
				CLANG_WARN_NON_LITERAL_NULL_CONVERSION = YES;
				CLANG_WARN_OBJC_LITERAL_CONVERSION = YES;
				CLANG_WARN_OBJC_ROOT_CLASS = YES_ERROR;
				CLANG_WARN_RANGE_LOOP_ANALYSIS = YES;
				CLANG_WARN_STRICT_PROTOTYPES = YES;
				CLANG_WARN_SUSPICIOUS_MOVE = YES;
				CLANG_WARN_UNGUARDED_AVAILABILITY = YES_AGGRESSIVE;
				CLANG_WARN_UNREACHABLE_CODE = YES;
				CLANG_WARN__DUPLICATE_METHOD_MATCH = YES;
				CODE_SIGN_IDENTITY = "iPhone Developer";
				COPY_PHASE_STRIP = NO;
				DEBUG_INFORMATION_FORMAT = "dwarf-with-dsym";
				ENABLE_NS_ASSERTIONS = NO;
				ENABLE_STRICT_OBJC_MSGSEND = YES;
				GCC_C_LANGUAGE_STANDARD = gnu11;
				GCC_NO_COMMON_BLOCKS = YES;
				GCC_WARN_64_TO_32_BIT_CONVERSION = YES;
				GCC_WARN_ABOUT_RETURN_TYPE = YES_ERROR;
				GCC_WARN_UNDECLARED_SELECTOR = YES;
				GCC_WARN_UNINITIALIZED_AUTOS = YES_AGGRESSIVE;
				GCC_WARN_UNUSED_FUNCTION = YES;
				GCC_WARN_UNUSED_VARIABLE = YES;
				IPHONEOS_DEPLOYMENT_TARGET = 11.2;
				MTL_ENABLE_DEBUG_INFO = NO;
				SDKROOT = iphoneos;
				SWIFT_OPTIMIZATION_LEVEL = "-Owholemodule";
				VALIDATE_PRODUCT = YES;
			};
			name = Release;
		};
		2CB51B0F202CDC96009C3B71 /* Debug */ = {
			isa = XCBuildConfiguration;
			baseConfigurationReference = CA66CA537D937603362FBED7 /* Pods-OnPaperSoccer.debug.xcconfig */;
			buildSettings = {
				ASSETCATALOG_COMPILER_APPICON_NAME = AppIcon;
				CODE_SIGN_STYLE = Automatic;
				DEVELOPMENT_TEAM = TN3WPQAA2X;
				INFOPLIST_FILE = OnPaperSoccer/Info.plist;
				LD_RUNPATH_SEARCH_PATHS = "$(inherited) @executable_path/Frameworks";
				PRODUCT_BUNDLE_IDENTIFIER = OwlyApps.OnPaperSoccer;
				PRODUCT_NAME = "$(TARGET_NAME)";
				SWIFT_VERSION = 4.0;
				TARGETED_DEVICE_FAMILY = 1;
			};
			name = Debug;
		};
		2CB51B10202CDC96009C3B71 /* Release */ = {
			isa = XCBuildConfiguration;
			baseConfigurationReference = F1287B65CACC13F62FA27AC4 /* Pods-OnPaperSoccer.release.xcconfig */;
			buildSettings = {
				ASSETCATALOG_COMPILER_APPICON_NAME = AppIcon;
				CODE_SIGN_STYLE = Automatic;
				DEVELOPMENT_TEAM = TN3WPQAA2X;
				INFOPLIST_FILE = OnPaperSoccer/Info.plist;
				LD_RUNPATH_SEARCH_PATHS = "$(inherited) @executable_path/Frameworks";
				PRODUCT_BUNDLE_IDENTIFIER = OwlyApps.OnPaperSoccer;
				PRODUCT_NAME = "$(TARGET_NAME)";
				SWIFT_VERSION = 4.0;
				TARGETED_DEVICE_FAMILY = 1;
			};
			name = Release;
		};
		2CB51B12202CDC96009C3B71 /* Debug */ = {
			isa = XCBuildConfiguration;
			baseConfigurationReference = C3CFDFF8E1AEE55F84192E36 /* Pods-OnPaperSoccer-OnPaperSoccerTests.debug.xcconfig */;
			buildSettings = {
				ALWAYS_EMBED_SWIFT_STANDARD_LIBRARIES = YES;
				BUNDLE_LOADER = "$(TEST_HOST)";
				CODE_SIGN_STYLE = Automatic;
				DEVELOPMENT_TEAM = TN3WPQAA2X;
				INFOPLIST_FILE = OnPaperSoccerTests/Info.plist;
				LD_RUNPATH_SEARCH_PATHS = "$(inherited) @executable_path/Frameworks @loader_path/Frameworks";
				PRODUCT_BUNDLE_IDENTIFIER = OwlyApps.OnPaperSoccerTests;
				PRODUCT_NAME = "$(TARGET_NAME)";
				SWIFT_VERSION = 4.0;
				TARGETED_DEVICE_FAMILY = "1,2";
				TEST_HOST = "$(BUILT_PRODUCTS_DIR)/OnPaperSoccer.app/OnPaperSoccer";
			};
			name = Debug;
		};
		2CB51B13202CDC96009C3B71 /* Release */ = {
			isa = XCBuildConfiguration;
			baseConfigurationReference = 040D6B35AB64C4F38C776C43 /* Pods-OnPaperSoccer-OnPaperSoccerTests.release.xcconfig */;
			buildSettings = {
				ALWAYS_EMBED_SWIFT_STANDARD_LIBRARIES = YES;
				BUNDLE_LOADER = "$(TEST_HOST)";
				CODE_SIGN_STYLE = Automatic;
				DEVELOPMENT_TEAM = TN3WPQAA2X;
				INFOPLIST_FILE = OnPaperSoccerTests/Info.plist;
				LD_RUNPATH_SEARCH_PATHS = "$(inherited) @executable_path/Frameworks @loader_path/Frameworks";
				PRODUCT_BUNDLE_IDENTIFIER = OwlyApps.OnPaperSoccerTests;
				PRODUCT_NAME = "$(TARGET_NAME)";
				SWIFT_VERSION = 4.0;
				TARGETED_DEVICE_FAMILY = "1,2";
				TEST_HOST = "$(BUILT_PRODUCTS_DIR)/OnPaperSoccer.app/OnPaperSoccer";
			};
			name = Release;
		};
/* End XCBuildConfiguration section */

/* Begin XCConfigurationList section */
		2CB51AEC202CDC95009C3B71 /* Build configuration list for PBXProject "OnPaperSoccer" */ = {
			isa = XCConfigurationList;
			buildConfigurations = (
				2CB51B0C202CDC96009C3B71 /* Debug */,
				2CB51B0D202CDC96009C3B71 /* Release */,
			);
			defaultConfigurationIsVisible = 0;
			defaultConfigurationName = Release;
		};
		2CB51B0E202CDC96009C3B71 /* Build configuration list for PBXNativeTarget "OnPaperSoccer" */ = {
			isa = XCConfigurationList;
			buildConfigurations = (
				2CB51B0F202CDC96009C3B71 /* Debug */,
				2CB51B10202CDC96009C3B71 /* Release */,
			);
			defaultConfigurationIsVisible = 0;
			defaultConfigurationName = Release;
		};
		2CB51B11202CDC96009C3B71 /* Build configuration list for PBXNativeTarget "OnPaperSoccerTests" */ = {
			isa = XCConfigurationList;
			buildConfigurations = (
				2CB51B12202CDC96009C3B71 /* Debug */,
				2CB51B13202CDC96009C3B71 /* Release */,
			);
			defaultConfigurationIsVisible = 0;
			defaultConfigurationName = Release;
		};
/* End XCConfigurationList section */
	};
	rootObject = 2CB51AE9202CDC95009C3B71 /* Project object */;
}
